// !$*UTF8*$!
{
	archiveVersion = 1;
	classes = {
	};
	objectVersion = 46;
	objects = {

/* Begin PBXBuildFile section */
		161562481EEE66E600982E58 /* main.m in Sources */ = {isa = PBXBuildFile; fileRef = 161562471EEE66E600982E58 /* main.m */; };
		161562611EEE66E700982E58 /* YmlTests.m in Sources */ = {isa = PBXBuildFile; fileRef = 161562601EEE66E700982E58 /* YmlTests.m */; };
		1615626C1EEE66E700982E58 /* YmlUITests.m in Sources */ = {isa = PBXBuildFile; fileRef = 1615626B1EEE66E700982E58 /* YmlUITests.m */; };
		161562861EEE68F200982E58 /* AppDelegate.m in Sources */ = {isa = PBXBuildFile; fileRef = 161562801EEE68F200982E58 /* AppDelegate.m */; };
		161562871EEE68F200982E58 /* Assets.xcassets in Resources */ = {isa = PBXBuildFile; fileRef = 161562831EEE68F200982E58 /* Assets.xcassets */; };
		161562881EEE68F200982E58 /* LaunchScreen.storyboard in Resources */ = {isa = PBXBuildFile; fileRef = 161562841EEE68F200982E58 /* LaunchScreen.storyboard */; };
		1615628E1EEE6A0500982E58 /* BaseTabBarController.m in Sources */ = {isa = PBXBuildFile; fileRef = 1615628D1EEE6A0500982E58 /* BaseTabBarController.m */; };
		161562A11EEE6B4500982E58 /* LXMyController.m in Sources */ = {isa = PBXBuildFile; fileRef = 161562A01EEE6B4500982E58 /* LXMyController.m */; };
		161562A41EEE6B5E00982E58 /* LXHomeController.m in Sources */ = {isa = PBXBuildFile; fileRef = 161562A31EEE6B5E00982E58 /* LXHomeController.m */; };
		161562AD1EEE6DBF00982E58 /* BaseNavigationController.m in Sources */ = {isa = PBXBuildFile; fileRef = 161562AC1EEE6DBF00982E58 /* BaseNavigationController.m */; };
		161D161E1F96F00100E3646F /* LXAlertView.m in Sources */ = {isa = PBXBuildFile; fileRef = 161D161D1F96F00100E3646F /* LXAlertView.m */; };
		161D16221F98997100E3646F /* MBProgressHUD.m in Sources */ = {isa = PBXBuildFile; fileRef = 161D16211F98997100E3646F /* MBProgressHUD.m */; };
		161D16261F98AF8700E3646F /* HUDTool.m in Sources */ = {isa = PBXBuildFile; fileRef = 161D16251F98AF8700E3646F /* HUDTool.m */; };
		162AF9911FA81383001FA72D /* LXNetworkErrorHeadView.m in Sources */ = {isa = PBXBuildFile; fileRef = 162AF98C1FA81383001FA72D /* LXNetworkErrorHeadView.m */; };
		162AF9921FA81383001FA72D /* LXNetworkErrorView.m in Sources */ = {isa = PBXBuildFile; fileRef = 162AF98E1FA81383001FA72D /* LXNetworkErrorView.m */; };
		162AF9931FA81383001FA72D /* LXNetworkSolutionController.m in Sources */ = {isa = PBXBuildFile; fileRef = 162AF9901FA81383001FA72D /* LXNetworkSolutionController.m */; };
		162AFCB21FBEC3D300304E01 /* LXProductDetailController.m in Sources */ = {isa = PBXBuildFile; fileRef = 162AFCAF1FBEC3D300304E01 /* LXProductDetailController.m */; };
		162AFCB51FBEDBF800304E01 /* LXProductDetailView.m in Sources */ = {isa = PBXBuildFile; fileRef = 162AFCB41FBEDBF800304E01 /* LXProductDetailView.m */; };
		162AFCB81FBEE24B00304E01 /* UIButton+Extension.m in Sources */ = {isa = PBXBuildFile; fileRef = 162AFCB71FBEE24B00304E01 /* UIButton+Extension.m */; };
		166A36F61F7B7A8700780CE8 /* UIView+Extension.m in Sources */ = {isa = PBXBuildFile; fileRef = 166A36F51F7B7A8700780CE8 /* UIView+Extension.m */; };
		166A377E1F7C8E4100780CE8 /* NetworkTool.m in Sources */ = {isa = PBXBuildFile; fileRef = 166A377D1F7C8E4100780CE8 /* NetworkTool.m */; };
		166A37961F7C94F900780CE8 /* MJExtensionConst.m in Sources */ = {isa = PBXBuildFile; fileRef = 166A37831F7C94F900780CE8 /* MJExtensionConst.m */; };
		166A37971F7C94F900780CE8 /* MJFoundation.m in Sources */ = {isa = PBXBuildFile; fileRef = 166A37851F7C94F900780CE8 /* MJFoundation.m */; };
		166A37981F7C94F900780CE8 /* MJProperty.m in Sources */ = {isa = PBXBuildFile; fileRef = 166A37871F7C94F900780CE8 /* MJProperty.m */; };
		166A37991F7C94F900780CE8 /* MJPropertyKey.m in Sources */ = {isa = PBXBuildFile; fileRef = 166A37891F7C94F900780CE8 /* MJPropertyKey.m */; };
		166A379A1F7C94F900780CE8 /* MJPropertyType.m in Sources */ = {isa = PBXBuildFile; fileRef = 166A378B1F7C94F900780CE8 /* MJPropertyType.m */; };
		166A379B1F7C94F900780CE8 /* NSObject+MJClass.m in Sources */ = {isa = PBXBuildFile; fileRef = 166A378D1F7C94F900780CE8 /* NSObject+MJClass.m */; };
		166A379C1F7C94F900780CE8 /* NSObject+MJCoding.m in Sources */ = {isa = PBXBuildFile; fileRef = 166A378F1F7C94F900780CE8 /* NSObject+MJCoding.m */; };
		166A379D1F7C94F900780CE8 /* NSObject+MJKeyValue.m in Sources */ = {isa = PBXBuildFile; fileRef = 166A37911F7C94F900780CE8 /* NSObject+MJKeyValue.m */; };
		166A379E1F7C94F900780CE8 /* NSObject+MJProperty.m in Sources */ = {isa = PBXBuildFile; fileRef = 166A37931F7C94F900780CE8 /* NSObject+MJProperty.m */; };
		166A379F1F7C94F900780CE8 /* NSString+MJExtension.m in Sources */ = {isa = PBXBuildFile; fileRef = 166A37951F7C94F900780CE8 /* NSString+MJExtension.m */; };
		166A37AE1F7C950900780CE8 /* AFHTTPSessionManager.m in Sources */ = {isa = PBXBuildFile; fileRef = 166A37A21F7C950900780CE8 /* AFHTTPSessionManager.m */; };
		166A37AF1F7C950900780CE8 /* AFNetworkReachabilityManager.m in Sources */ = {isa = PBXBuildFile; fileRef = 166A37A51F7C950900780CE8 /* AFNetworkReachabilityManager.m */; };
		166A37B01F7C950900780CE8 /* AFSecurityPolicy.m in Sources */ = {isa = PBXBuildFile; fileRef = 166A37A71F7C950900780CE8 /* AFSecurityPolicy.m */; };
		166A37B11F7C950900780CE8 /* AFURLRequestSerialization.m in Sources */ = {isa = PBXBuildFile; fileRef = 166A37A91F7C950900780CE8 /* AFURLRequestSerialization.m */; };
		166A37B21F7C950900780CE8 /* AFURLResponseSerialization.m in Sources */ = {isa = PBXBuildFile; fileRef = 166A37AB1F7C950900780CE8 /* AFURLResponseSerialization.m */; };
		166A37B31F7C950900780CE8 /* AFURLSessionManager.m in Sources */ = {isa = PBXBuildFile; fileRef = 166A37AD1F7C950900780CE8 /* AFURLSessionManager.m */; };
		166A37B71F7C976600780CE8 /* NSObject+Log.m in Sources */ = {isa = PBXBuildFile; fileRef = 166A37B61F7C976600780CE8 /* NSObject+Log.m */; };
		166A37BA1F7CD27B00780CE8 /* PublicTools.m in Sources */ = {isa = PBXBuildFile; fileRef = 166A37B91F7CD27B00780CE8 /* PublicTools.m */; };
		166A38211F7F7DBC00780CE8 /* NSString+Extension.m in Sources */ = {isa = PBXBuildFile; fileRef = 166A38201F7F7DBC00780CE8 /* NSString+Extension.m */; };
		168265041FA1E4A400B279A8 /* MJRefreshAutoFooter.m in Sources */ = {isa = PBXBuildFile; fileRef = 168264D81FA1E4A400B279A8 /* MJRefreshAutoFooter.m */; };
		168265051FA1E4A400B279A8 /* MJRefreshBackFooter.m in Sources */ = {isa = PBXBuildFile; fileRef = 168264DA1FA1E4A400B279A8 /* MJRefreshBackFooter.m */; };
		168265061FA1E4A400B279A8 /* MJRefreshComponent.m in Sources */ = {isa = PBXBuildFile; fileRef = 168264DC1FA1E4A400B279A8 /* MJRefreshComponent.m */; };
		168265071FA1E4A400B279A8 /* MJRefreshFooter.m in Sources */ = {isa = PBXBuildFile; fileRef = 168264DE1FA1E4A400B279A8 /* MJRefreshFooter.m */; };
		168265081FA1E4A400B279A8 /* MJRefreshHeader.m in Sources */ = {isa = PBXBuildFile; fileRef = 168264E01FA1E4A400B279A8 /* MJRefreshHeader.m */; };
		168265091FA1E4A400B279A8 /* MJRefreshAutoGifFooter.m in Sources */ = {isa = PBXBuildFile; fileRef = 168264E51FA1E4A400B279A8 /* MJRefreshAutoGifFooter.m */; };
		1682650A1FA1E4A400B279A8 /* MJRefreshAutoNormalFooter.m in Sources */ = {isa = PBXBuildFile; fileRef = 168264E71FA1E4A400B279A8 /* MJRefreshAutoNormalFooter.m */; };
		1682650B1FA1E4A400B279A8 /* MJRefreshAutoStateFooter.m in Sources */ = {isa = PBXBuildFile; fileRef = 168264E91FA1E4A400B279A8 /* MJRefreshAutoStateFooter.m */; };
		1682650C1FA1E4A400B279A8 /* MJRefreshBackGifFooter.m in Sources */ = {isa = PBXBuildFile; fileRef = 168264EC1FA1E4A400B279A8 /* MJRefreshBackGifFooter.m */; };
		1682650D1FA1E4A400B279A8 /* MJRefreshBackNormalFooter.m in Sources */ = {isa = PBXBuildFile; fileRef = 168264EE1FA1E4A400B279A8 /* MJRefreshBackNormalFooter.m */; };
		1682650E1FA1E4A400B279A8 /* MJRefreshBackStateFooter.m in Sources */ = {isa = PBXBuildFile; fileRef = 168264F01FA1E4A400B279A8 /* MJRefreshBackStateFooter.m */; };
		1682650F1FA1E4A400B279A8 /* MJRefreshGifHeader.m in Sources */ = {isa = PBXBuildFile; fileRef = 168264F31FA1E4A400B279A8 /* MJRefreshGifHeader.m */; };
		168265101FA1E4A400B279A8 /* MJRefreshNormalHeader.m in Sources */ = {isa = PBXBuildFile; fileRef = 168264F51FA1E4A400B279A8 /* MJRefreshNormalHeader.m */; };
		168265111FA1E4A400B279A8 /* MJRefreshStateHeader.m in Sources */ = {isa = PBXBuildFile; fileRef = 168264F71FA1E4A400B279A8 /* MJRefreshStateHeader.m */; };
		168265121FA1E4A400B279A8 /* MJRefresh.bundle in Resources */ = {isa = PBXBuildFile; fileRef = 168264F81FA1E4A400B279A8 /* MJRefresh.bundle */; };
		168265131FA1E4A400B279A8 /* MJRefreshConst.m in Sources */ = {isa = PBXBuildFile; fileRef = 168264FB1FA1E4A400B279A8 /* MJRefreshConst.m */; };
		168265141FA1E4A400B279A8 /* NSBundle+MJRefresh.m in Sources */ = {isa = PBXBuildFile; fileRef = 168264FD1FA1E4A400B279A8 /* NSBundle+MJRefresh.m */; };
		168265151FA1E4A400B279A8 /* UIScrollView+MJExtension.m in Sources */ = {isa = PBXBuildFile; fileRef = 168264FF1FA1E4A400B279A8 /* UIScrollView+MJExtension.m */; };
		168265161FA1E4A400B279A8 /* UIScrollView+MJRefresh.m in Sources */ = {isa = PBXBuildFile; fileRef = 168265011FA1E4A400B279A8 /* UIScrollView+MJRefresh.m */; };
		168265171FA1E4A400B279A8 /* UIView+MJExtension.m in Sources */ = {isa = PBXBuildFile; fileRef = 168265031FA1E4A400B279A8 /* UIView+MJExtension.m */; };
		1682651A1FA1E54600B279A8 /* LXRefreshHeader.m in Sources */ = {isa = PBXBuildFile; fileRef = 168265191FA1E54600B279A8 /* LXRefreshHeader.m */; };
		16A95A721F8B54B40059D457 /* BaseViewController.m in Sources */ = {isa = PBXBuildFile; fileRef = 16A95A711F8B54B40059D457 /* BaseViewController.m */; };
		16A95A751F8B7B960059D457 /* LXCommunityController.m in Sources */ = {isa = PBXBuildFile; fileRef = 16A95A741F8B7B960059D457 /* LXCommunityController.m */; };
		16A95A7C1F8B7BD40059D457 /* LXCategoryController.m in Sources */ = {isa = PBXBuildFile; fileRef = 16A95A791F8B7BD40059D457 /* LXCategoryController.m */; };
		16A95A981F8C59F90059D457 /* Info.plist in Resources */ = {isa = PBXBuildFile; fileRef = 16A95A7E1F8C59F90059D457 /* Info.plist */; };
		16A95A991F8C59F90059D457 /* MASCompositeConstraint.m in Sources */ = {isa = PBXBuildFile; fileRef = 16A95A801F8C59F90059D457 /* MASCompositeConstraint.m */; };
		16A95A9A1F8C59F90059D457 /* MASConstraint.m in Sources */ = {isa = PBXBuildFile; fileRef = 16A95A831F8C59F90059D457 /* MASConstraint.m */; };
		16A95A9B1F8C59F90059D457 /* MASConstraintMaker.m in Sources */ = {isa = PBXBuildFile; fileRef = 16A95A851F8C59F90059D457 /* MASConstraintMaker.m */; };
		16A95A9C1F8C59F90059D457 /* MASLayoutConstraint.m in Sources */ = {isa = PBXBuildFile; fileRef = 16A95A871F8C59F90059D457 /* MASLayoutConstraint.m */; };
		16A95A9D1F8C59F90059D457 /* MASViewAttribute.m in Sources */ = {isa = PBXBuildFile; fileRef = 16A95A8B1F8C59F90059D457 /* MASViewAttribute.m */; };
		16A95A9E1F8C59F90059D457 /* MASViewConstraint.m in Sources */ = {isa = PBXBuildFile; fileRef = 16A95A8D1F8C59F90059D457 /* MASViewConstraint.m */; };
		16A95A9F1F8C59F90059D457 /* NSArray+MASAdditions.m in Sources */ = {isa = PBXBuildFile; fileRef = 16A95A8F1F8C59F90059D457 /* NSArray+MASAdditions.m */; };
		16A95AA01F8C59F90059D457 /* NSLayoutConstraint+MASDebugAdditions.m in Sources */ = {isa = PBXBuildFile; fileRef = 16A95A921F8C59F90059D457 /* NSLayoutConstraint+MASDebugAdditions.m */; };
		16A95AA11F8C59F90059D457 /* View+MASAdditions.m in Sources */ = {isa = PBXBuildFile; fileRef = 16A95A941F8C59F90059D457 /* View+MASAdditions.m */; };
		16A95AA21F8C59F90059D457 /* ViewController+MASAdditions.m in Sources */ = {isa = PBXBuildFile; fileRef = 16A95A971F8C59F90059D457 /* ViewController+MASAdditions.m */; };
		16A95AEA1F8C7B750059D457 /* LXCategory.storyboard in Resources */ = {isa = PBXBuildFile; fileRef = 16A95AE91F8C7B750059D457 /* LXCategory.storyboard */; };
		16A95AF01F8CAEE80059D457 /* UILabel+Extension.m in Sources */ = {isa = PBXBuildFile; fileRef = 16A95AEF1F8CAEE80059D457 /* UILabel+Extension.m */; };
		16A95B0E1F9062DD0059D457 /* BaseListViewController.m in Sources */ = {isa = PBXBuildFile; fileRef = 16A95B0D1F9062DD0059D457 /* BaseListViewController.m */; };
		16A95B111F9063A00059D457 /* LXEmptyView.m in Sources */ = {isa = PBXBuildFile; fileRef = 16A95B101F9063A00059D457 /* LXEmptyView.m */; };
		16D68EDF1FBEEDED00F6FB5E /* UIViewController+KNSemiModal.m in Sources */ = {isa = PBXBuildFile; fileRef = 16D68EDE1FBEEDED00F6FB5E /* UIViewController+KNSemiModal.m */; };
/* End PBXBuildFile section */

/* Begin PBXContainerItemProxy section */
		1615625D1EEE66E700982E58 /* PBXContainerItemProxy */ = {
			isa = PBXContainerItemProxy;
			containerPortal = 1615623B1EEE66E600982E58 /* Project object */;
			proxyType = 1;
			remoteGlobalIDString = 161562421EEE66E600982E58;
			remoteInfo = Yml;
		};
		161562681EEE66E700982E58 /* PBXContainerItemProxy */ = {
			isa = PBXContainerItemProxy;
			containerPortal = 1615623B1EEE66E600982E58 /* Project object */;
			proxyType = 1;
			remoteGlobalIDString = 161562421EEE66E600982E58;
			remoteInfo = Yml;
		};
/* End PBXContainerItemProxy section */

/* Begin PBXFileReference section */
		161562431EEE66E600982E58 /* Yml.app */ = {isa = PBXFileReference; explicitFileType = wrapper.application; includeInIndex = 0; path = Yml.app; sourceTree = BUILT_PRODUCTS_DIR; };
		161562471EEE66E600982E58 /* main.m */ = {isa = PBXFileReference; lastKnownFileType = sourcecode.c.objc; path = main.m; sourceTree = "<group>"; };
		161562571EEE66E700982E58 /* Info.plist */ = {isa = PBXFileReference; lastKnownFileType = text.plist.xml; path = Info.plist; sourceTree = "<group>"; };
		1615625C1EEE66E700982E58 /* YmlTests.xctest */ = {isa = PBXFileReference; explicitFileType = wrapper.cfbundle; includeInIndex = 0; path = YmlTests.xctest; sourceTree = BUILT_PRODUCTS_DIR; };
		161562601EEE66E700982E58 /* YmlTests.m */ = {isa = PBXFileReference; lastKnownFileType = sourcecode.c.objc; path = YmlTests.m; sourceTree = "<group>"; };
		161562621EEE66E700982E58 /* Info.plist */ = {isa = PBXFileReference; lastKnownFileType = text.plist.xml; path = Info.plist; sourceTree = "<group>"; };
		161562671EEE66E700982E58 /* YmlUITests.xctest */ = {isa = PBXFileReference; explicitFileType = wrapper.cfbundle; includeInIndex = 0; path = YmlUITests.xctest; sourceTree = BUILT_PRODUCTS_DIR; };
		1615626B1EEE66E700982E58 /* YmlUITests.m */ = {isa = PBXFileReference; lastKnownFileType = sourcecode.c.objc; path = YmlUITests.m; sourceTree = "<group>"; };
		1615626D1EEE66E700982E58 /* Info.plist */ = {isa = PBXFileReference; lastKnownFileType = text.plist.xml; path = Info.plist; sourceTree = "<group>"; };
		1615627F1EEE68F200982E58 /* AppDelegate.h */ = {isa = PBXFileReference; fileEncoding = 4; lastKnownFileType = sourcecode.c.h; path = AppDelegate.h; sourceTree = "<group>"; };
		161562801EEE68F200982E58 /* AppDelegate.m */ = {isa = PBXFileReference; fileEncoding = 4; lastKnownFileType = sourcecode.c.objc; path = AppDelegate.m; sourceTree = "<group>"; };
		161562831EEE68F200982E58 /* Assets.xcassets */ = {isa = PBXFileReference; lastKnownFileType = folder.assetcatalog; path = Assets.xcassets; sourceTree = "<group>"; };
		161562851EEE68F200982E58 /* Base */ = {isa = PBXFileReference; lastKnownFileType = file.storyboard; name = Base; path = Base.lproj/LaunchScreen.storyboard; sourceTree = "<group>"; };
		1615628C1EEE6A0500982E58 /* BaseTabBarController.h */ = {isa = PBXFileReference; fileEncoding = 4; lastKnownFileType = sourcecode.c.h; path = BaseTabBarController.h; sourceTree = "<group>"; };
		1615628D1EEE6A0500982E58 /* BaseTabBarController.m */ = {isa = PBXFileReference; fileEncoding = 4; lastKnownFileType = sourcecode.c.objc; path = BaseTabBarController.m; sourceTree = "<group>"; };
		1615629F1EEE6B4500982E58 /* LXMyController.h */ = {isa = PBXFileReference; fileEncoding = 4; lastKnownFileType = sourcecode.c.h; path = LXMyController.h; sourceTree = "<group>"; };
		161562A01EEE6B4500982E58 /* LXMyController.m */ = {isa = PBXFileReference; fileEncoding = 4; lastKnownFileType = sourcecode.c.objc; path = LXMyController.m; sourceTree = "<group>"; };
		161562A21EEE6B5E00982E58 /* LXHomeController.h */ = {isa = PBXFileReference; fileEncoding = 4; lastKnownFileType = sourcecode.c.h; path = LXHomeController.h; sourceTree = "<group>"; };
		161562A31EEE6B5E00982E58 /* LXHomeController.m */ = {isa = PBXFileReference; fileEncoding = 4; lastKnownFileType = sourcecode.c.objc; path = LXHomeController.m; sourceTree = "<group>"; };
		161562AB1EEE6DBF00982E58 /* BaseNavigationController.h */ = {isa = PBXFileReference; fileEncoding = 4; lastKnownFileType = sourcecode.c.h; path = BaseNavigationController.h; sourceTree = "<group>"; };
		161562AC1EEE6DBF00982E58 /* BaseNavigationController.m */ = {isa = PBXFileReference; fileEncoding = 4; lastKnownFileType = sourcecode.c.objc; path = BaseNavigationController.m; sourceTree = "<group>"; };
		161D161C1F96F00100E3646F /* LXAlertView.h */ = {isa = PBXFileReference; fileEncoding = 4; lastKnownFileType = sourcecode.c.h; path = LXAlertView.h; sourceTree = "<group>"; };
		161D161D1F96F00100E3646F /* LXAlertView.m */ = {isa = PBXFileReference; fileEncoding = 4; lastKnownFileType = sourcecode.c.objc; path = LXAlertView.m; sourceTree = "<group>"; };
		161D16201F98997100E3646F /* MBProgressHUD.h */ = {isa = PBXFileReference; fileEncoding = 4; lastKnownFileType = sourcecode.c.h; path = MBProgressHUD.h; sourceTree = "<group>"; };
		161D16211F98997100E3646F /* MBProgressHUD.m */ = {isa = PBXFileReference; fileEncoding = 4; lastKnownFileType = sourcecode.c.objc; path = MBProgressHUD.m; sourceTree = "<group>"; };
		161D16241F98AF8700E3646F /* HUDTool.h */ = {isa = PBXFileReference; fileEncoding = 4; lastKnownFileType = sourcecode.c.h; path = HUDTool.h; sourceTree = "<group>"; };
		161D16251F98AF8700E3646F /* HUDTool.m */ = {isa = PBXFileReference; fileEncoding = 4; lastKnownFileType = sourcecode.c.objc; path = HUDTool.m; sourceTree = "<group>"; };
		162AF98B1FA81383001FA72D /* LXNetworkErrorHeadView.h */ = {isa = PBXFileReference; fileEncoding = 4; lastKnownFileType = sourcecode.c.h; path = LXNetworkErrorHeadView.h; sourceTree = "<group>"; };
		162AF98C1FA81383001FA72D /* LXNetworkErrorHeadView.m */ = {isa = PBXFileReference; fileEncoding = 4; lastKnownFileType = sourcecode.c.objc; path = LXNetworkErrorHeadView.m; sourceTree = "<group>"; };
		162AF98D1FA81383001FA72D /* LXNetworkErrorView.h */ = {isa = PBXFileReference; fileEncoding = 4; lastKnownFileType = sourcecode.c.h; path = LXNetworkErrorView.h; sourceTree = "<group>"; };
		162AF98E1FA81383001FA72D /* LXNetworkErrorView.m */ = {isa = PBXFileReference; fileEncoding = 4; lastKnownFileType = sourcecode.c.objc; path = LXNetworkErrorView.m; sourceTree = "<group>"; };
		162AF98F1FA81383001FA72D /* LXNetworkSolutionController.h */ = {isa = PBXFileReference; fileEncoding = 4; lastKnownFileType = sourcecode.c.h; path = LXNetworkSolutionController.h; sourceTree = "<group>"; };
		162AF9901FA81383001FA72D /* LXNetworkSolutionController.m */ = {isa = PBXFileReference; fileEncoding = 4; lastKnownFileType = sourcecode.c.objc; path = LXNetworkSolutionController.m; sourceTree = "<group>"; };
		162AFCAE1FBEC3D300304E01 /* LXProductDetailController.h */ = {isa = PBXFileReference; fileEncoding = 4; lastKnownFileType = sourcecode.c.h; path = LXProductDetailController.h; sourceTree = "<group>"; };
		162AFCAF1FBEC3D300304E01 /* LXProductDetailController.m */ = {isa = PBXFileReference; fileEncoding = 4; lastKnownFileType = sourcecode.c.objc; path = LXProductDetailController.m; sourceTree = "<group>"; };
		162AFCB31FBEDBF800304E01 /* LXProductDetailView.h */ = {isa = PBXFileReference; fileEncoding = 4; lastKnownFileType = sourcecode.c.h; path = LXProductDetailView.h; sourceTree = "<group>"; };
		162AFCB41FBEDBF800304E01 /* LXProductDetailView.m */ = {isa = PBXFileReference; fileEncoding = 4; lastKnownFileType = sourcecode.c.objc; path = LXProductDetailView.m; sourceTree = "<group>"; };
		162AFCB61FBEE24B00304E01 /* UIButton+Extension.h */ = {isa = PBXFileReference; fileEncoding = 4; lastKnownFileType = sourcecode.c.h; path = "UIButton+Extension.h"; sourceTree = "<group>"; };
		162AFCB71FBEE24B00304E01 /* UIButton+Extension.m */ = {isa = PBXFileReference; fileEncoding = 4; lastKnownFileType = sourcecode.c.objc; path = "UIButton+Extension.m"; sourceTree = "<group>"; };
		166A36F41F7B7A8700780CE8 /* UIView+Extension.h */ = {isa = PBXFileReference; fileEncoding = 4; lastKnownFileType = sourcecode.c.h; path = "UIView+Extension.h"; sourceTree = "<group>"; };
		166A36F51F7B7A8700780CE8 /* UIView+Extension.m */ = {isa = PBXFileReference; fileEncoding = 4; lastKnownFileType = sourcecode.c.objc; path = "UIView+Extension.m"; sourceTree = "<group>"; };
		166A36F71F7B7D6700780CE8 /* UtilsMacros.h */ = {isa = PBXFileReference; fileEncoding = 4; lastKnownFileType = sourcecode.c.h; path = UtilsMacros.h; sourceTree = "<group>"; };
		166A377C1F7C8E4100780CE8 /* NetworkTool.h */ = {isa = PBXFileReference; fileEncoding = 4; lastKnownFileType = sourcecode.c.h; path = NetworkTool.h; sourceTree = "<group>"; };
		166A377D1F7C8E4100780CE8 /* NetworkTool.m */ = {isa = PBXFileReference; fileEncoding = 4; lastKnownFileType = sourcecode.c.objc; path = NetworkTool.m; sourceTree = "<group>"; };
		166A37811F7C94F900780CE8 /* MJExtension.h */ = {isa = PBXFileReference; fileEncoding = 4; lastKnownFileType = sourcecode.c.h; path = MJExtension.h; sourceTree = "<group>"; };
		166A37821F7C94F900780CE8 /* MJExtensionConst.h */ = {isa = PBXFileReference; fileEncoding = 4; lastKnownFileType = sourcecode.c.h; path = MJExtensionConst.h; sourceTree = "<group>"; };
		166A37831F7C94F900780CE8 /* MJExtensionConst.m */ = {isa = PBXFileReference; fileEncoding = 4; lastKnownFileType = sourcecode.c.objc; path = MJExtensionConst.m; sourceTree = "<group>"; };
		166A37841F7C94F900780CE8 /* MJFoundation.h */ = {isa = PBXFileReference; fileEncoding = 4; lastKnownFileType = sourcecode.c.h; path = MJFoundation.h; sourceTree = "<group>"; };
		166A37851F7C94F900780CE8 /* MJFoundation.m */ = {isa = PBXFileReference; fileEncoding = 4; lastKnownFileType = sourcecode.c.objc; path = MJFoundation.m; sourceTree = "<group>"; };
		166A37861F7C94F900780CE8 /* MJProperty.h */ = {isa = PBXFileReference; fileEncoding = 4; lastKnownFileType = sourcecode.c.h; path = MJProperty.h; sourceTree = "<group>"; };
		166A37871F7C94F900780CE8 /* MJProperty.m */ = {isa = PBXFileReference; fileEncoding = 4; lastKnownFileType = sourcecode.c.objc; path = MJProperty.m; sourceTree = "<group>"; };
		166A37881F7C94F900780CE8 /* MJPropertyKey.h */ = {isa = PBXFileReference; fileEncoding = 4; lastKnownFileType = sourcecode.c.h; path = MJPropertyKey.h; sourceTree = "<group>"; };
		166A37891F7C94F900780CE8 /* MJPropertyKey.m */ = {isa = PBXFileReference; fileEncoding = 4; lastKnownFileType = sourcecode.c.objc; path = MJPropertyKey.m; sourceTree = "<group>"; };
		166A378A1F7C94F900780CE8 /* MJPropertyType.h */ = {isa = PBXFileReference; fileEncoding = 4; lastKnownFileType = sourcecode.c.h; path = MJPropertyType.h; sourceTree = "<group>"; };
		166A378B1F7C94F900780CE8 /* MJPropertyType.m */ = {isa = PBXFileReference; fileEncoding = 4; lastKnownFileType = sourcecode.c.objc; path = MJPropertyType.m; sourceTree = "<group>"; };
		166A378C1F7C94F900780CE8 /* NSObject+MJClass.h */ = {isa = PBXFileReference; fileEncoding = 4; lastKnownFileType = sourcecode.c.h; path = "NSObject+MJClass.h"; sourceTree = "<group>"; };
		166A378D1F7C94F900780CE8 /* NSObject+MJClass.m */ = {isa = PBXFileReference; fileEncoding = 4; lastKnownFileType = sourcecode.c.objc; path = "NSObject+MJClass.m"; sourceTree = "<group>"; };
		166A378E1F7C94F900780CE8 /* NSObject+MJCoding.h */ = {isa = PBXFileReference; fileEncoding = 4; lastKnownFileType = sourcecode.c.h; path = "NSObject+MJCoding.h"; sourceTree = "<group>"; };
		166A378F1F7C94F900780CE8 /* NSObject+MJCoding.m */ = {isa = PBXFileReference; fileEncoding = 4; lastKnownFileType = sourcecode.c.objc; path = "NSObject+MJCoding.m"; sourceTree = "<group>"; };
		166A37901F7C94F900780CE8 /* NSObject+MJKeyValue.h */ = {isa = PBXFileReference; fileEncoding = 4; lastKnownFileType = sourcecode.c.h; path = "NSObject+MJKeyValue.h"; sourceTree = "<group>"; };
		166A37911F7C94F900780CE8 /* NSObject+MJKeyValue.m */ = {isa = PBXFileReference; fileEncoding = 4; lastKnownFileType = sourcecode.c.objc; path = "NSObject+MJKeyValue.m"; sourceTree = "<group>"; };
		166A37921F7C94F900780CE8 /* NSObject+MJProperty.h */ = {isa = PBXFileReference; fileEncoding = 4; lastKnownFileType = sourcecode.c.h; path = "NSObject+MJProperty.h"; sourceTree = "<group>"; };
		166A37931F7C94F900780CE8 /* NSObject+MJProperty.m */ = {isa = PBXFileReference; fileEncoding = 4; lastKnownFileType = sourcecode.c.objc; path = "NSObject+MJProperty.m"; sourceTree = "<group>"; };
		166A37941F7C94F900780CE8 /* NSString+MJExtension.h */ = {isa = PBXFileReference; fileEncoding = 4; lastKnownFileType = sourcecode.c.h; path = "NSString+MJExtension.h"; sourceTree = "<group>"; };
		166A37951F7C94F900780CE8 /* NSString+MJExtension.m */ = {isa = PBXFileReference; fileEncoding = 4; lastKnownFileType = sourcecode.c.objc; path = "NSString+MJExtension.m"; sourceTree = "<group>"; };
		166A37A11F7C950900780CE8 /* AFHTTPSessionManager.h */ = {isa = PBXFileReference; fileEncoding = 4; lastKnownFileType = sourcecode.c.h; path = AFHTTPSessionManager.h; sourceTree = "<group>"; };
		166A37A21F7C950900780CE8 /* AFHTTPSessionManager.m */ = {isa = PBXFileReference; fileEncoding = 4; lastKnownFileType = sourcecode.c.objc; path = AFHTTPSessionManager.m; sourceTree = "<group>"; };
		166A37A31F7C950900780CE8 /* AFNetworking.h */ = {isa = PBXFileReference; fileEncoding = 4; lastKnownFileType = sourcecode.c.h; path = AFNetworking.h; sourceTree = "<group>"; };
		166A37A41F7C950900780CE8 /* AFNetworkReachabilityManager.h */ = {isa = PBXFileReference; fileEncoding = 4; lastKnownFileType = sourcecode.c.h; path = AFNetworkReachabilityManager.h; sourceTree = "<group>"; };
		166A37A51F7C950900780CE8 /* AFNetworkReachabilityManager.m */ = {isa = PBXFileReference; fileEncoding = 4; lastKnownFileType = sourcecode.c.objc; path = AFNetworkReachabilityManager.m; sourceTree = "<group>"; };
		166A37A61F7C950900780CE8 /* AFSecurityPolicy.h */ = {isa = PBXFileReference; fileEncoding = 4; lastKnownFileType = sourcecode.c.h; path = AFSecurityPolicy.h; sourceTree = "<group>"; };
		166A37A71F7C950900780CE8 /* AFSecurityPolicy.m */ = {isa = PBXFileReference; fileEncoding = 4; lastKnownFileType = sourcecode.c.objc; path = AFSecurityPolicy.m; sourceTree = "<group>"; };
		166A37A81F7C950900780CE8 /* AFURLRequestSerialization.h */ = {isa = PBXFileReference; fileEncoding = 4; lastKnownFileType = sourcecode.c.h; path = AFURLRequestSerialization.h; sourceTree = "<group>"; };
		166A37A91F7C950900780CE8 /* AFURLRequestSerialization.m */ = {isa = PBXFileReference; fileEncoding = 4; lastKnownFileType = sourcecode.c.objc; path = AFURLRequestSerialization.m; sourceTree = "<group>"; };
		166A37AA1F7C950900780CE8 /* AFURLResponseSerialization.h */ = {isa = PBXFileReference; fileEncoding = 4; lastKnownFileType = sourcecode.c.h; path = AFURLResponseSerialization.h; sourceTree = "<group>"; };
		166A37AB1F7C950900780CE8 /* AFURLResponseSerialization.m */ = {isa = PBXFileReference; fileEncoding = 4; lastKnownFileType = sourcecode.c.objc; path = AFURLResponseSerialization.m; sourceTree = "<group>"; };
		166A37AC1F7C950900780CE8 /* AFURLSessionManager.h */ = {isa = PBXFileReference; fileEncoding = 4; lastKnownFileType = sourcecode.c.h; path = AFURLSessionManager.h; sourceTree = "<group>"; };
		166A37AD1F7C950900780CE8 /* AFURLSessionManager.m */ = {isa = PBXFileReference; fileEncoding = 4; lastKnownFileType = sourcecode.c.objc; path = AFURLSessionManager.m; sourceTree = "<group>"; };
		166A37B41F7C95B700780CE8 /* APIStringMacros.h */ = {isa = PBXFileReference; fileEncoding = 4; lastKnownFileType = sourcecode.c.h; path = APIStringMacros.h; sourceTree = "<group>"; };
		166A37B51F7C976600780CE8 /* NSObject+Log.h */ = {isa = PBXFileReference; fileEncoding = 4; lastKnownFileType = sourcecode.c.h; path = "NSObject+Log.h"; sourceTree = "<group>"; };
		166A37B61F7C976600780CE8 /* NSObject+Log.m */ = {isa = PBXFileReference; fileEncoding = 4; lastKnownFileType = sourcecode.c.objc; path = "NSObject+Log.m"; sourceTree = "<group>"; };
		166A37B81F7CD27B00780CE8 /* PublicTools.h */ = {isa = PBXFileReference; fileEncoding = 4; lastKnownFileType = sourcecode.c.h; path = PublicTools.h; sourceTree = "<group>"; };
		166A37B91F7CD27B00780CE8 /* PublicTools.m */ = {isa = PBXFileReference; fileEncoding = 4; lastKnownFileType = sourcecode.c.objc; path = PublicTools.m; sourceTree = "<group>"; };
		166A381F1F7F7DBB00780CE8 /* NSString+Extension.h */ = {isa = PBXFileReference; fileEncoding = 4; lastKnownFileType = sourcecode.c.h; path = "NSString+Extension.h"; sourceTree = "<group>"; };
		166A38201F7F7DBC00780CE8 /* NSString+Extension.m */ = {isa = PBXFileReference; fileEncoding = 4; lastKnownFileType = sourcecode.c.objc; path = "NSString+Extension.m"; sourceTree = "<group>"; };
		168264D71FA1E4A400B279A8 /* MJRefreshAutoFooter.h */ = {isa = PBXFileReference; fileEncoding = 4; lastKnownFileType = sourcecode.c.h; path = MJRefreshAutoFooter.h; sourceTree = "<group>"; };
		168264D81FA1E4A400B279A8 /* MJRefreshAutoFooter.m */ = {isa = PBXFileReference; fileEncoding = 4; lastKnownFileType = sourcecode.c.objc; path = MJRefreshAutoFooter.m; sourceTree = "<group>"; };
		168264D91FA1E4A400B279A8 /* MJRefreshBackFooter.h */ = {isa = PBXFileReference; fileEncoding = 4; lastKnownFileType = sourcecode.c.h; path = MJRefreshBackFooter.h; sourceTree = "<group>"; };
		168264DA1FA1E4A400B279A8 /* MJRefreshBackFooter.m */ = {isa = PBXFileReference; fileEncoding = 4; lastKnownFileType = sourcecode.c.objc; path = MJRefreshBackFooter.m; sourceTree = "<group>"; };
		168264DB1FA1E4A400B279A8 /* MJRefreshComponent.h */ = {isa = PBXFileReference; fileEncoding = 4; lastKnownFileType = sourcecode.c.h; path = MJRefreshComponent.h; sourceTree = "<group>"; };
		168264DC1FA1E4A400B279A8 /* MJRefreshComponent.m */ = {isa = PBXFileReference; fileEncoding = 4; lastKnownFileType = sourcecode.c.objc; path = MJRefreshComponent.m; sourceTree = "<group>"; };
		168264DD1FA1E4A400B279A8 /* MJRefreshFooter.h */ = {isa = PBXFileReference; fileEncoding = 4; lastKnownFileType = sourcecode.c.h; path = MJRefreshFooter.h; sourceTree = "<group>"; };
		168264DE1FA1E4A400B279A8 /* MJRefreshFooter.m */ = {isa = PBXFileReference; fileEncoding = 4; lastKnownFileType = sourcecode.c.objc; path = MJRefreshFooter.m; sourceTree = "<group>"; };
		168264DF1FA1E4A400B279A8 /* MJRefreshHeader.h */ = {isa = PBXFileReference; fileEncoding = 4; lastKnownFileType = sourcecode.c.h; path = MJRefreshHeader.h; sourceTree = "<group>"; };
		168264E01FA1E4A400B279A8 /* MJRefreshHeader.m */ = {isa = PBXFileReference; fileEncoding = 4; lastKnownFileType = sourcecode.c.objc; path = MJRefreshHeader.m; sourceTree = "<group>"; };
		168264E41FA1E4A400B279A8 /* MJRefreshAutoGifFooter.h */ = {isa = PBXFileReference; fileEncoding = 4; lastKnownFileType = sourcecode.c.h; path = MJRefreshAutoGifFooter.h; sourceTree = "<group>"; };
		168264E51FA1E4A400B279A8 /* MJRefreshAutoGifFooter.m */ = {isa = PBXFileReference; fileEncoding = 4; lastKnownFileType = sourcecode.c.objc; path = MJRefreshAutoGifFooter.m; sourceTree = "<group>"; };
		168264E61FA1E4A400B279A8 /* MJRefreshAutoNormalFooter.h */ = {isa = PBXFileReference; fileEncoding = 4; lastKnownFileType = sourcecode.c.h; path = MJRefreshAutoNormalFooter.h; sourceTree = "<group>"; };
		168264E71FA1E4A400B279A8 /* MJRefreshAutoNormalFooter.m */ = {isa = PBXFileReference; fileEncoding = 4; lastKnownFileType = sourcecode.c.objc; path = MJRefreshAutoNormalFooter.m; sourceTree = "<group>"; };
		168264E81FA1E4A400B279A8 /* MJRefreshAutoStateFooter.h */ = {isa = PBXFileReference; fileEncoding = 4; lastKnownFileType = sourcecode.c.h; path = MJRefreshAutoStateFooter.h; sourceTree = "<group>"; };
		168264E91FA1E4A400B279A8 /* MJRefreshAutoStateFooter.m */ = {isa = PBXFileReference; fileEncoding = 4; lastKnownFileType = sourcecode.c.objc; path = MJRefreshAutoStateFooter.m; sourceTree = "<group>"; };
		168264EB1FA1E4A400B279A8 /* MJRefreshBackGifFooter.h */ = {isa = PBXFileReference; fileEncoding = 4; lastKnownFileType = sourcecode.c.h; path = MJRefreshBackGifFooter.h; sourceTree = "<group>"; };
		168264EC1FA1E4A400B279A8 /* MJRefreshBackGifFooter.m */ = {isa = PBXFileReference; fileEncoding = 4; lastKnownFileType = sourcecode.c.objc; path = MJRefreshBackGifFooter.m; sourceTree = "<group>"; };
		168264ED1FA1E4A400B279A8 /* MJRefreshBackNormalFooter.h */ = {isa = PBXFileReference; fileEncoding = 4; lastKnownFileType = sourcecode.c.h; path = MJRefreshBackNormalFooter.h; sourceTree = "<group>"; };
		168264EE1FA1E4A400B279A8 /* MJRefreshBackNormalFooter.m */ = {isa = PBXFileReference; fileEncoding = 4; lastKnownFileType = sourcecode.c.objc; path = MJRefreshBackNormalFooter.m; sourceTree = "<group>"; };
		168264EF1FA1E4A400B279A8 /* MJRefreshBackStateFooter.h */ = {isa = PBXFileReference; fileEncoding = 4; lastKnownFileType = sourcecode.c.h; path = MJRefreshBackStateFooter.h; sourceTree = "<group>"; };
		168264F01FA1E4A400B279A8 /* MJRefreshBackStateFooter.m */ = {isa = PBXFileReference; fileEncoding = 4; lastKnownFileType = sourcecode.c.objc; path = MJRefreshBackStateFooter.m; sourceTree = "<group>"; };
		168264F21FA1E4A400B279A8 /* MJRefreshGifHeader.h */ = {isa = PBXFileReference; fileEncoding = 4; lastKnownFileType = sourcecode.c.h; path = MJRefreshGifHeader.h; sourceTree = "<group>"; };
		168264F31FA1E4A400B279A8 /* MJRefreshGifHeader.m */ = {isa = PBXFileReference; fileEncoding = 4; lastKnownFileType = sourcecode.c.objc; path = MJRefreshGifHeader.m; sourceTree = "<group>"; };
		168264F41FA1E4A400B279A8 /* MJRefreshNormalHeader.h */ = {isa = PBXFileReference; fileEncoding = 4; lastKnownFileType = sourcecode.c.h; path = MJRefreshNormalHeader.h; sourceTree = "<group>"; };
		168264F51FA1E4A400B279A8 /* MJRefreshNormalHeader.m */ = {isa = PBXFileReference; fileEncoding = 4; lastKnownFileType = sourcecode.c.objc; path = MJRefreshNormalHeader.m; sourceTree = "<group>"; };
		168264F61FA1E4A400B279A8 /* MJRefreshStateHeader.h */ = {isa = PBXFileReference; fileEncoding = 4; lastKnownFileType = sourcecode.c.h; path = MJRefreshStateHeader.h; sourceTree = "<group>"; };
		168264F71FA1E4A400B279A8 /* MJRefreshStateHeader.m */ = {isa = PBXFileReference; fileEncoding = 4; lastKnownFileType = sourcecode.c.objc; path = MJRefreshStateHeader.m; sourceTree = "<group>"; };
		168264F81FA1E4A400B279A8 /* MJRefresh.bundle */ = {isa = PBXFileReference; lastKnownFileType = "wrapper.plug-in"; path = MJRefresh.bundle; sourceTree = "<group>"; };
		168264F91FA1E4A400B279A8 /* MJRefresh.h */ = {isa = PBXFileReference; fileEncoding = 4; lastKnownFileType = sourcecode.c.h; path = MJRefresh.h; sourceTree = "<group>"; };
		168264FA1FA1E4A400B279A8 /* MJRefreshConst.h */ = {isa = PBXFileReference; fileEncoding = 4; lastKnownFileType = sourcecode.c.h; path = MJRefreshConst.h; sourceTree = "<group>"; };
		168264FB1FA1E4A400B279A8 /* MJRefreshConst.m */ = {isa = PBXFileReference; fileEncoding = 4; lastKnownFileType = sourcecode.c.objc; path = MJRefreshConst.m; sourceTree = "<group>"; };
		168264FC1FA1E4A400B279A8 /* NSBundle+MJRefresh.h */ = {isa = PBXFileReference; fileEncoding = 4; lastKnownFileType = sourcecode.c.h; path = "NSBundle+MJRefresh.h"; sourceTree = "<group>"; };
		168264FD1FA1E4A400B279A8 /* NSBundle+MJRefresh.m */ = {isa = PBXFileReference; fileEncoding = 4; lastKnownFileType = sourcecode.c.objc; path = "NSBundle+MJRefresh.m"; sourceTree = "<group>"; };
		168264FE1FA1E4A400B279A8 /* UIScrollView+MJExtension.h */ = {isa = PBXFileReference; fileEncoding = 4; lastKnownFileType = sourcecode.c.h; path = "UIScrollView+MJExtension.h"; sourceTree = "<group>"; };
		168264FF1FA1E4A400B279A8 /* UIScrollView+MJExtension.m */ = {isa = PBXFileReference; fileEncoding = 4; lastKnownFileType = sourcecode.c.objc; path = "UIScrollView+MJExtension.m"; sourceTree = "<group>"; };
		168265001FA1E4A400B279A8 /* UIScrollView+MJRefresh.h */ = {isa = PBXFileReference; fileEncoding = 4; lastKnownFileType = sourcecode.c.h; path = "UIScrollView+MJRefresh.h"; sourceTree = "<group>"; };
		168265011FA1E4A400B279A8 /* UIScrollView+MJRefresh.m */ = {isa = PBXFileReference; fileEncoding = 4; lastKnownFileType = sourcecode.c.objc; path = "UIScrollView+MJRefresh.m"; sourceTree = "<group>"; };
		168265021FA1E4A400B279A8 /* UIView+MJExtension.h */ = {isa = PBXFileReference; fileEncoding = 4; lastKnownFileType = sourcecode.c.h; path = "UIView+MJExtension.h"; sourceTree = "<group>"; };
		168265031FA1E4A400B279A8 /* UIView+MJExtension.m */ = {isa = PBXFileReference; fileEncoding = 4; lastKnownFileType = sourcecode.c.objc; path = "UIView+MJExtension.m"; sourceTree = "<group>"; };
		168265181FA1E54600B279A8 /* LXRefreshHeader.h */ = {isa = PBXFileReference; fileEncoding = 4; lastKnownFileType = sourcecode.c.h; path = LXRefreshHeader.h; sourceTree = "<group>"; };
		168265191FA1E54600B279A8 /* LXRefreshHeader.m */ = {isa = PBXFileReference; fileEncoding = 4; lastKnownFileType = sourcecode.c.objc; path = LXRefreshHeader.m; sourceTree = "<group>"; };
		168E88911F94453300063A65 /* LXSingleton.h */ = {isa = PBXFileReference; fileEncoding = 4; lastKnownFileType = sourcecode.c.h; path = LXSingleton.h; sourceTree = "<group>"; };
		16A95A701F8B54B40059D457 /* BaseViewController.h */ = {isa = PBXFileReference; fileEncoding = 4; lastKnownFileType = sourcecode.c.h; path = BaseViewController.h; sourceTree = "<group>"; };
		16A95A711F8B54B40059D457 /* BaseViewController.m */ = {isa = PBXFileReference; fileEncoding = 4; lastKnownFileType = sourcecode.c.objc; path = BaseViewController.m; sourceTree = "<group>"; };
		16A95A731F8B7B960059D457 /* LXCommunityController.h */ = {isa = PBXFileReference; fileEncoding = 4; lastKnownFileType = sourcecode.c.h; path = LXCommunityController.h; sourceTree = "<group>"; };
		16A95A741F8B7B960059D457 /* LXCommunityController.m */ = {isa = PBXFileReference; fileEncoding = 4; lastKnownFileType = sourcecode.c.objc; path = LXCommunityController.m; sourceTree = "<group>"; };
		16A95A781F8B7BD40059D457 /* LXCategoryController.h */ = {isa = PBXFileReference; fileEncoding = 4; lastKnownFileType = sourcecode.c.h; path = LXCategoryController.h; sourceTree = "<group>"; };
		16A95A791F8B7BD40059D457 /* LXCategoryController.m */ = {isa = PBXFileReference; fileEncoding = 4; lastKnownFileType = sourcecode.c.objc; path = LXCategoryController.m; sourceTree = "<group>"; };
		16A95A7E1F8C59F90059D457 /* Info.plist */ = {isa = PBXFileReference; fileEncoding = 4; lastKnownFileType = text.plist.xml; path = Info.plist; sourceTree = "<group>"; };
		16A95A7F1F8C59F90059D457 /* MASCompositeConstraint.h */ = {isa = PBXFileReference; fileEncoding = 4; lastKnownFileType = sourcecode.c.h; path = MASCompositeConstraint.h; sourceTree = "<group>"; };
		16A95A801F8C59F90059D457 /* MASCompositeConstraint.m */ = {isa = PBXFileReference; fileEncoding = 4; lastKnownFileType = sourcecode.c.objc; path = MASCompositeConstraint.m; sourceTree = "<group>"; };
		16A95A811F8C59F90059D457 /* MASConstraint+Private.h */ = {isa = PBXFileReference; fileEncoding = 4; lastKnownFileType = sourcecode.c.h; path = "MASConstraint+Private.h"; sourceTree = "<group>"; };
		16A95A821F8C59F90059D457 /* MASConstraint.h */ = {isa = PBXFileReference; fileEncoding = 4; lastKnownFileType = sourcecode.c.h; path = MASConstraint.h; sourceTree = "<group>"; };
		16A95A831F8C59F90059D457 /* MASConstraint.m */ = {isa = PBXFileReference; fileEncoding = 4; lastKnownFileType = sourcecode.c.objc; path = MASConstraint.m; sourceTree = "<group>"; };
		16A95A841F8C59F90059D457 /* MASConstraintMaker.h */ = {isa = PBXFileReference; fileEncoding = 4; lastKnownFileType = sourcecode.c.h; path = MASConstraintMaker.h; sourceTree = "<group>"; };
		16A95A851F8C59F90059D457 /* MASConstraintMaker.m */ = {isa = PBXFileReference; fileEncoding = 4; lastKnownFileType = sourcecode.c.objc; path = MASConstraintMaker.m; sourceTree = "<group>"; };
		16A95A861F8C59F90059D457 /* MASLayoutConstraint.h */ = {isa = PBXFileReference; fileEncoding = 4; lastKnownFileType = sourcecode.c.h; path = MASLayoutConstraint.h; sourceTree = "<group>"; };
		16A95A871F8C59F90059D457 /* MASLayoutConstraint.m */ = {isa = PBXFileReference; fileEncoding = 4; lastKnownFileType = sourcecode.c.objc; path = MASLayoutConstraint.m; sourceTree = "<group>"; };
		16A95A881F8C59F90059D457 /* Masonry.h */ = {isa = PBXFileReference; fileEncoding = 4; lastKnownFileType = sourcecode.c.h; path = Masonry.h; sourceTree = "<group>"; };
		16A95A891F8C59F90059D457 /* MASUtilities.h */ = {isa = PBXFileReference; fileEncoding = 4; lastKnownFileType = sourcecode.c.h; path = MASUtilities.h; sourceTree = "<group>"; };
		16A95A8A1F8C59F90059D457 /* MASViewAttribute.h */ = {isa = PBXFileReference; fileEncoding = 4; lastKnownFileType = sourcecode.c.h; path = MASViewAttribute.h; sourceTree = "<group>"; };
		16A95A8B1F8C59F90059D457 /* MASViewAttribute.m */ = {isa = PBXFileReference; fileEncoding = 4; lastKnownFileType = sourcecode.c.objc; path = MASViewAttribute.m; sourceTree = "<group>"; };
		16A95A8C1F8C59F90059D457 /* MASViewConstraint.h */ = {isa = PBXFileReference; fileEncoding = 4; lastKnownFileType = sourcecode.c.h; path = MASViewConstraint.h; sourceTree = "<group>"; };
		16A95A8D1F8C59F90059D457 /* MASViewConstraint.m */ = {isa = PBXFileReference; fileEncoding = 4; lastKnownFileType = sourcecode.c.objc; path = MASViewConstraint.m; sourceTree = "<group>"; };
		16A95A8E1F8C59F90059D457 /* NSArray+MASAdditions.h */ = {isa = PBXFileReference; fileEncoding = 4; lastKnownFileType = sourcecode.c.h; path = "NSArray+MASAdditions.h"; sourceTree = "<group>"; };
		16A95A8F1F8C59F90059D457 /* NSArray+MASAdditions.m */ = {isa = PBXFileReference; fileEncoding = 4; lastKnownFileType = sourcecode.c.objc; path = "NSArray+MASAdditions.m"; sourceTree = "<group>"; };
		16A95A901F8C59F90059D457 /* NSArray+MASShorthandAdditions.h */ = {isa = PBXFileReference; fileEncoding = 4; lastKnownFileType = sourcecode.c.h; path = "NSArray+MASShorthandAdditions.h"; sourceTree = "<group>"; };
		16A95A911F8C59F90059D457 /* NSLayoutConstraint+MASDebugAdditions.h */ = {isa = PBXFileReference; fileEncoding = 4; lastKnownFileType = sourcecode.c.h; path = "NSLayoutConstraint+MASDebugAdditions.h"; sourceTree = "<group>"; };
		16A95A921F8C59F90059D457 /* NSLayoutConstraint+MASDebugAdditions.m */ = {isa = PBXFileReference; fileEncoding = 4; lastKnownFileType = sourcecode.c.objc; path = "NSLayoutConstraint+MASDebugAdditions.m"; sourceTree = "<group>"; };
		16A95A931F8C59F90059D457 /* View+MASAdditions.h */ = {isa = PBXFileReference; fileEncoding = 4; lastKnownFileType = sourcecode.c.h; path = "View+MASAdditions.h"; sourceTree = "<group>"; };
		16A95A941F8C59F90059D457 /* View+MASAdditions.m */ = {isa = PBXFileReference; fileEncoding = 4; lastKnownFileType = sourcecode.c.objc; path = "View+MASAdditions.m"; sourceTree = "<group>"; };
		16A95A951F8C59F90059D457 /* View+MASShorthandAdditions.h */ = {isa = PBXFileReference; fileEncoding = 4; lastKnownFileType = sourcecode.c.h; path = "View+MASShorthandAdditions.h"; sourceTree = "<group>"; };
		16A95A961F8C59F90059D457 /* ViewController+MASAdditions.h */ = {isa = PBXFileReference; fileEncoding = 4; lastKnownFileType = sourcecode.c.h; path = "ViewController+MASAdditions.h"; sourceTree = "<group>"; };
		16A95A971F8C59F90059D457 /* ViewController+MASAdditions.m */ = {isa = PBXFileReference; fileEncoding = 4; lastKnownFileType = sourcecode.c.objc; path = "ViewController+MASAdditions.m"; sourceTree = "<group>"; };
		16A95AE91F8C7B750059D457 /* LXCategory.storyboard */ = {isa = PBXFileReference; fileEncoding = 4; lastKnownFileType = file.storyboard; path = LXCategory.storyboard; sourceTree = "<group>"; };
		16A95AEE1F8CAEE80059D457 /* UILabel+Extension.h */ = {isa = PBXFileReference; fileEncoding = 4; lastKnownFileType = sourcecode.c.h; path = "UILabel+Extension.h"; sourceTree = "<group>"; };
		16A95AEF1F8CAEE80059D457 /* UILabel+Extension.m */ = {isa = PBXFileReference; fileEncoding = 4; lastKnownFileType = sourcecode.c.objc; path = "UILabel+Extension.m"; sourceTree = "<group>"; };
		16A95B0C1F9062DD0059D457 /* BaseListViewController.h */ = {isa = PBXFileReference; fileEncoding = 4; lastKnownFileType = sourcecode.c.h; path = BaseListViewController.h; sourceTree = "<group>"; };
		16A95B0D1F9062DD0059D457 /* BaseListViewController.m */ = {isa = PBXFileReference; fileEncoding = 4; lastKnownFileType = sourcecode.c.objc; path = BaseListViewController.m; sourceTree = "<group>"; };
		16A95B0F1F9063A00059D457 /* LXEmptyView.h */ = {isa = PBXFileReference; fileEncoding = 4; lastKnownFileType = sourcecode.c.h; path = LXEmptyView.h; sourceTree = "<group>"; };
		16A95B101F9063A00059D457 /* LXEmptyView.m */ = {isa = PBXFileReference; fileEncoding = 4; lastKnownFileType = sourcecode.c.objc; path = LXEmptyView.m; sourceTree = "<group>"; };
		16D68EDD1FBEEDED00F6FB5E /* UIViewController+KNSemiModal.h */ = {isa = PBXFileReference; fileEncoding = 4; lastKnownFileType = sourcecode.c.h; path = "UIViewController+KNSemiModal.h"; sourceTree = "<group>"; };
		16D68EDE1FBEEDED00F6FB5E /* UIViewController+KNSemiModal.m */ = {isa = PBXFileReference; fileEncoding = 4; lastKnownFileType = sourcecode.c.objc; path = "UIViewController+KNSemiModal.m"; sourceTree = "<group>"; };
		16D8EC091F7B4B5B00F39A57 /* Macros.h */ = {isa = PBXFileReference; fileEncoding = 4; lastKnownFileType = sourcecode.c.h; path = Macros.h; sourceTree = "<group>"; };
		16D8EC0B1F7B4C4000F39A57 /* PrefixHeader.pch */ = {isa = PBXFileReference; lastKnownFileType = sourcecode.c.h; path = PrefixHeader.pch; sourceTree = "<group>"; };
/* End PBXFileReference section */

/* Begin PBXFrameworksBuildPhase section */
		161562401EEE66E600982E58 /* Frameworks */ = {
			isa = PBXFrameworksBuildPhase;
			buildActionMask = 2147483647;
			files = (
			);
			runOnlyForDeploymentPostprocessing = 0;
		};
		161562591EEE66E700982E58 /* Frameworks */ = {
			isa = PBXFrameworksBuildPhase;
			buildActionMask = 2147483647;
			files = (
			);
			runOnlyForDeploymentPostprocessing = 0;
		};
		161562641EEE66E700982E58 /* Frameworks */ = {
			isa = PBXFrameworksBuildPhase;
			buildActionMask = 2147483647;
			files = (
			);
			runOnlyForDeploymentPostprocessing = 0;
		};
/* End PBXFrameworksBuildPhase section */

/* Begin PBXGroup section */
		1615623A1EEE66E600982E58 = {
			isa = PBXGroup;
			children = (
				161562451EEE66E600982E58 /* Yml */,
				1615625F1EEE66E700982E58 /* YmlTests */,
				1615626A1EEE66E700982E58 /* YmlUITests */,
				161562441EEE66E600982E58 /* Products */,
			);
			sourceTree = "<group>";
		};
		161562441EEE66E600982E58 /* Products */ = {
			isa = PBXGroup;
			children = (
				161562431EEE66E600982E58 /* Yml.app */,
				1615625C1EEE66E700982E58 /* YmlTests.xctest */,
				161562671EEE66E700982E58 /* YmlUITests.xctest */,
			);
			name = Products;
			sourceTree = "<group>";
		};
		161562451EEE66E600982E58 /* Yml */ = {
			isa = PBXGroup;
			children = (
				161562791EEE68F200982E58 /* Classes */,
				161562821EEE68F200982E58 /* Resources */,
				161562461EEE66E600982E58 /* Supporting Files */,
			);
			path = Yml;
			sourceTree = "<group>";
		};
		161562461EEE66E600982E58 /* Supporting Files */ = {
			isa = PBXGroup;
			children = (
				161562571EEE66E700982E58 /* Info.plist */,
				161562471EEE66E600982E58 /* main.m */,
			);
			name = "Supporting Files";
			sourceTree = "<group>";
		};
		1615625F1EEE66E700982E58 /* YmlTests */ = {
			isa = PBXGroup;
			children = (
				161562601EEE66E700982E58 /* YmlTests.m */,
				161562621EEE66E700982E58 /* Info.plist */,
			);
			path = YmlTests;
			sourceTree = "<group>";
		};
		1615626A1EEE66E700982E58 /* YmlUITests */ = {
			isa = PBXGroup;
			children = (
				1615626B1EEE66E700982E58 /* YmlUITests.m */,
				1615626D1EEE66E700982E58 /* Info.plist */,
			);
			path = YmlUITests;
			sourceTree = "<group>";
		};
		161562791EEE68F200982E58 /* Classes */ = {
			isa = PBXGroup;
			children = (
				1615627E1EEE68F200982E58 /* Other */,
				1615627A1EEE68F200982E58 /* Extension */,
				1615627B1EEE68F200982E58 /* Library */,
				1615627C1EEE68F200982E58 /* Moudel */,
				161562811EEE68F200982E58 /* Tool */,
			);
			path = Classes;
			sourceTree = "<group>";
		};
		1615627A1EEE68F200982E58 /* Extension */ = {
			isa = PBXGroup;
			children = (
				162AFCB61FBEE24B00304E01 /* UIButton+Extension.h */,
				162AFCB71FBEE24B00304E01 /* UIButton+Extension.m */,
				166A37B51F7C976600780CE8 /* NSObject+Log.h */,
				166A37B61F7C976600780CE8 /* NSObject+Log.m */,
				166A36F41F7B7A8700780CE8 /* UIView+Extension.h */,
				166A36F51F7B7A8700780CE8 /* UIView+Extension.m */,
				16A95AEE1F8CAEE80059D457 /* UILabel+Extension.h */,
				16A95AEF1F8CAEE80059D457 /* UILabel+Extension.m */,
				166A381F1F7F7DBB00780CE8 /* NSString+Extension.h */,
				166A38201F7F7DBC00780CE8 /* NSString+Extension.m */,
			);
			path = Extension;
			sourceTree = "<group>";
		};
		1615627B1EEE68F200982E58 /* Library */ = {
			isa = PBXGroup;
			children = (
				16D68EDC1FBEEDED00F6FB5E /* SemiModal */,
				168264D51FA1E4A400B279A8 /* MJRefresh */,
				161D161F1F98997100E3646F /* MBProgressHUD */,
				16A95A7D1F8C59F90059D457 /* Masonry */,
				166A37A01F7C950900780CE8 /* AFNetworking */,
				166A37801F7C94F900780CE8 /* MJExtension */,
			);
			path = Library;
			sourceTree = "<group>";
		};
		1615627C1EEE68F200982E58 /* Moudel */ = {
			isa = PBXGroup;
			children = (
				16A95AFB1F8F54530059D457 /* Public */,
				1615627D1EEE68F200982E58 /* Main */,
				161562931EEE6AF000982E58 /* Home */,
				1615628F1EEE6AF000982E58 /* Community */,
				161562971EEE6AF000982E58 /* My */,
				16A95A761F8B7BD40059D457 /* Category */,
				162AFCAB1FBEC3D300304E01 /* Products */,
			);
			path = Moudel;
			sourceTree = "<group>";
		};
		1615627D1EEE68F200982E58 /* Main */ = {
			isa = PBXGroup;
			children = (
				161562891EEE693900982E58 /* Controller */,
				1615628A1EEE693900982E58 /* Model */,
				1615628B1EEE693900982E58 /* View */,
			);
			path = Main;
			sourceTree = "<group>";
		};
		1615627E1EEE68F200982E58 /* Other */ = {
			isa = PBXGroup;
			children = (
				16D8EC081F7B4B4C00F39A57 /* Macros */,
				1615627F1EEE68F200982E58 /* AppDelegate.h */,
				161562801EEE68F200982E58 /* AppDelegate.m */,
				16D8EC0B1F7B4C4000F39A57 /* PrefixHeader.pch */,
				168E88911F94453300063A65 /* LXSingleton.h */,
			);
			path = Other;
			sourceTree = "<group>";
		};
		161562811EEE68F200982E58 /* Tool */ = {
			isa = PBXGroup;
			children = (
				166A37B81F7CD27B00780CE8 /* PublicTools.h */,
				166A37B91F7CD27B00780CE8 /* PublicTools.m */,
				166A377C1F7C8E4100780CE8 /* NetworkTool.h */,
				166A377D1F7C8E4100780CE8 /* NetworkTool.m */,
				161D16241F98AF8700E3646F /* HUDTool.h */,
				161D16251F98AF8700E3646F /* HUDTool.m */,
			);
			path = Tool;
			sourceTree = "<group>";
		};
		161562821EEE68F200982E58 /* Resources */ = {
			isa = PBXGroup;
			children = (
				161562831EEE68F200982E58 /* Assets.xcassets */,
				161562841EEE68F200982E58 /* LaunchScreen.storyboard */,
			);
			path = Resources;
			sourceTree = "<group>";
		};
		161562891EEE693900982E58 /* Controller */ = {
			isa = PBXGroup;
			children = (
				1615628C1EEE6A0500982E58 /* BaseTabBarController.h */,
				1615628D1EEE6A0500982E58 /* BaseTabBarController.m */,
				161562AB1EEE6DBF00982E58 /* BaseNavigationController.h */,
				161562AC1EEE6DBF00982E58 /* BaseNavigationController.m */,
				16A95A701F8B54B40059D457 /* BaseViewController.h */,
				16A95A711F8B54B40059D457 /* BaseViewController.m */,
				16A95B0C1F9062DD0059D457 /* BaseListViewController.h */,
				16A95B0D1F9062DD0059D457 /* BaseListViewController.m */,
			);
			path = Controller;
			sourceTree = "<group>";
		};
		1615628A1EEE693900982E58 /* Model */ = {
			isa = PBXGroup;
			children = (
			);
			path = Model;
			sourceTree = "<group>";
		};
		1615628B1EEE693900982E58 /* View */ = {
			isa = PBXGroup;
			children = (
			);
			path = View;
			sourceTree = "<group>";
		};
		1615628F1EEE6AF000982E58 /* Community */ = {
			isa = PBXGroup;
			children = (
				161562901EEE6AF000982E58 /* Controller */,
				161562911EEE6AF000982E58 /* Model */,
				161562921EEE6AF000982E58 /* View */,
			);
			path = Community;
			sourceTree = "<group>";
		};
		161562901EEE6AF000982E58 /* Controller */ = {
			isa = PBXGroup;
			children = (
				16A95A731F8B7B960059D457 /* LXCommunityController.h */,
				16A95A741F8B7B960059D457 /* LXCommunityController.m */,
			);
			path = Controller;
			sourceTree = "<group>";
		};
		161562911EEE6AF000982E58 /* Model */ = {
			isa = PBXGroup;
			children = (
			);
			path = Model;
			sourceTree = "<group>";
		};
		161562921EEE6AF000982E58 /* View */ = {
			isa = PBXGroup;
			children = (
			);
			path = View;
			sourceTree = "<group>";
		};
		161562931EEE6AF000982E58 /* Home */ = {
			isa = PBXGroup;
			children = (
				161562941EEE6AF000982E58 /* Controller */,
				161562951EEE6AF000982E58 /* Model */,
				161562961EEE6AF000982E58 /* View */,
			);
			path = Home;
			sourceTree = "<group>";
		};
		161562941EEE6AF000982E58 /* Controller */ = {
			isa = PBXGroup;
			children = (
				161562A21EEE6B5E00982E58 /* LXHomeController.h */,
				161562A31EEE6B5E00982E58 /* LXHomeController.m */,
			);
			path = Controller;
			sourceTree = "<group>";
		};
		161562951EEE6AF000982E58 /* Model */ = {
			isa = PBXGroup;
			children = (
			);
			path = Model;
			sourceTree = "<group>";
		};
		161562961EEE6AF000982E58 /* View */ = {
			isa = PBXGroup;
			children = (
			);
			path = View;
			sourceTree = "<group>";
		};
		161562971EEE6AF000982E58 /* My */ = {
			isa = PBXGroup;
			children = (
				161562981EEE6AF000982E58 /* Controller */,
				161562991EEE6AF000982E58 /* Model */,
				1615629A1EEE6AF000982E58 /* View */,
			);
			path = My;
			sourceTree = "<group>";
		};
		161562981EEE6AF000982E58 /* Controller */ = {
			isa = PBXGroup;
			children = (
				1615629F1EEE6B4500982E58 /* LXMyController.h */,
				161562A01EEE6B4500982E58 /* LXMyController.m */,
			);
			path = Controller;
			sourceTree = "<group>";
		};
		161562991EEE6AF000982E58 /* Model */ = {
			isa = PBXGroup;
			children = (
			);
			path = Model;
			sourceTree = "<group>";
		};
		1615629A1EEE6AF000982E58 /* View */ = {
			isa = PBXGroup;
			children = (
			);
			path = View;
			sourceTree = "<group>";
		};
		161D161F1F98997100E3646F /* MBProgressHUD */ = {
			isa = PBXGroup;
			children = (
				161D16201F98997100E3646F /* MBProgressHUD.h */,
				161D16211F98997100E3646F /* MBProgressHUD.m */,
			);
			path = MBProgressHUD;
			sourceTree = "<group>";
		};
		162AF98A1FA81383001FA72D /* NetworkError */ = {
			isa = PBXGroup;
			children = (
				162AF98B1FA81383001FA72D /* LXNetworkErrorHeadView.h */,
				162AF98C1FA81383001FA72D /* LXNetworkErrorHeadView.m */,
				162AF98D1FA81383001FA72D /* LXNetworkErrorView.h */,
				162AF98E1FA81383001FA72D /* LXNetworkErrorView.m */,
				162AF98F1FA81383001FA72D /* LXNetworkSolutionController.h */,
				162AF9901FA81383001FA72D /* LXNetworkSolutionController.m */,
			);
			path = NetworkError;
			sourceTree = "<group>";
		};
		162AFCAB1FBEC3D300304E01 /* Products */ = {
			isa = PBXGroup;
			children = (
				162AFCAC1FBEC3D300304E01 /* ProductDetail */,
			);
			path = Products;
			sourceTree = "<group>";
		};
		162AFCAC1FBEC3D300304E01 /* ProductDetail */ = {
			isa = PBXGroup;
			children = (
				162AFCAD1FBEC3D300304E01 /* Controller */,
				162AFCB01FBEC3D300304E01 /* Model */,
				162AFCB11FBEC3D300304E01 /* View */,
			);
			path = ProductDetail;
			sourceTree = "<group>";
		};
		162AFCAD1FBEC3D300304E01 /* Controller */ = {
			isa = PBXGroup;
			children = (
				162AFCAE1FBEC3D300304E01 /* LXProductDetailController.h */,
				162AFCAF1FBEC3D300304E01 /* LXProductDetailController.m */,
			);
			path = Controller;
			sourceTree = "<group>";
		};
		162AFCB01FBEC3D300304E01 /* Model */ = {
			isa = PBXGroup;
			children = (
			);
			path = Model;
			sourceTree = "<group>";
		};
		162AFCB11FBEC3D300304E01 /* View */ = {
			isa = PBXGroup;
			children = (
				162AFCB31FBEDBF800304E01 /* LXProductDetailView.h */,
				162AFCB41FBEDBF800304E01 /* LXProductDetailView.m */,
			);
			path = View;
			sourceTree = "<group>";
		};
		162CA8521F9DBF8B008595D3 /* Refresh */ = {
			isa = PBXGroup;
			children = (
				168265181FA1E54600B279A8 /* LXRefreshHeader.h */,
				168265191FA1E54600B279A8 /* LXRefreshHeader.m */,
			);
			path = Refresh;
			sourceTree = "<group>";
		};
		166A37801F7C94F900780CE8 /* MJExtension */ = {
			isa = PBXGroup;
			children = (
				166A37811F7C94F900780CE8 /* MJExtension.h */,
				166A37821F7C94F900780CE8 /* MJExtensionConst.h */,
				166A37831F7C94F900780CE8 /* MJExtensionConst.m */,
				166A37841F7C94F900780CE8 /* MJFoundation.h */,
				166A37851F7C94F900780CE8 /* MJFoundation.m */,
				166A37861F7C94F900780CE8 /* MJProperty.h */,
				166A37871F7C94F900780CE8 /* MJProperty.m */,
				166A37881F7C94F900780CE8 /* MJPropertyKey.h */,
				166A37891F7C94F900780CE8 /* MJPropertyKey.m */,
				166A378A1F7C94F900780CE8 /* MJPropertyType.h */,
				166A378B1F7C94F900780CE8 /* MJPropertyType.m */,
				166A378C1F7C94F900780CE8 /* NSObject+MJClass.h */,
				166A378D1F7C94F900780CE8 /* NSObject+MJClass.m */,
				166A378E1F7C94F900780CE8 /* NSObject+MJCoding.h */,
				166A378F1F7C94F900780CE8 /* NSObject+MJCoding.m */,
				166A37901F7C94F900780CE8 /* NSObject+MJKeyValue.h */,
				166A37911F7C94F900780CE8 /* NSObject+MJKeyValue.m */,
				166A37921F7C94F900780CE8 /* NSObject+MJProperty.h */,
				166A37931F7C94F900780CE8 /* NSObject+MJProperty.m */,
				166A37941F7C94F900780CE8 /* NSString+MJExtension.h */,
				166A37951F7C94F900780CE8 /* NSString+MJExtension.m */,
			);
			path = MJExtension;
			sourceTree = "<group>";
		};
		166A37A01F7C950900780CE8 /* AFNetworking */ = {
			isa = PBXGroup;
			children = (
				166A37A11F7C950900780CE8 /* AFHTTPSessionManager.h */,
				166A37A21F7C950900780CE8 /* AFHTTPSessionManager.m */,
				166A37A31F7C950900780CE8 /* AFNetworking.h */,
				166A37A41F7C950900780CE8 /* AFNetworkReachabilityManager.h */,
				166A37A51F7C950900780CE8 /* AFNetworkReachabilityManager.m */,
				166A37A61F7C950900780CE8 /* AFSecurityPolicy.h */,
				166A37A71F7C950900780CE8 /* AFSecurityPolicy.m */,
				166A37A81F7C950900780CE8 /* AFURLRequestSerialization.h */,
				166A37A91F7C950900780CE8 /* AFURLRequestSerialization.m */,
				166A37AA1F7C950900780CE8 /* AFURLResponseSerialization.h */,
				166A37AB1F7C950900780CE8 /* AFURLResponseSerialization.m */,
				166A37AC1F7C950900780CE8 /* AFURLSessionManager.h */,
				166A37AD1F7C950900780CE8 /* AFURLSessionManager.m */,
			);
			path = AFNetworking;
			sourceTree = "<group>";
		};
		168264D51FA1E4A400B279A8 /* MJRefresh */ = {
			isa = PBXGroup;
			children = (
				168264D61FA1E4A400B279A8 /* Base */,
				168264E11FA1E4A400B279A8 /* Custom */,
				168264F81FA1E4A400B279A8 /* MJRefresh.bundle */,
				168264F91FA1E4A400B279A8 /* MJRefresh.h */,
				168264FA1FA1E4A400B279A8 /* MJRefreshConst.h */,
				168264FB1FA1E4A400B279A8 /* MJRefreshConst.m */,
				168264FC1FA1E4A400B279A8 /* NSBundle+MJRefresh.h */,
				168264FD1FA1E4A400B279A8 /* NSBundle+MJRefresh.m */,
				168264FE1FA1E4A400B279A8 /* UIScrollView+MJExtension.h */,
				168264FF1FA1E4A400B279A8 /* UIScrollView+MJExtension.m */,
				168265001FA1E4A400B279A8 /* UIScrollView+MJRefresh.h */,
				168265011FA1E4A400B279A8 /* UIScrollView+MJRefresh.m */,
				168265021FA1E4A400B279A8 /* UIView+MJExtension.h */,
				168265031FA1E4A400B279A8 /* UIView+MJExtension.m */,
			);
			path = MJRefresh;
			sourceTree = "<group>";
		};
		168264D61FA1E4A400B279A8 /* Base */ = {
			isa = PBXGroup;
			children = (
				168264D71FA1E4A400B279A8 /* MJRefreshAutoFooter.h */,
				168264D81FA1E4A400B279A8 /* MJRefreshAutoFooter.m */,
				168264D91FA1E4A400B279A8 /* MJRefreshBackFooter.h */,
				168264DA1FA1E4A400B279A8 /* MJRefreshBackFooter.m */,
				168264DB1FA1E4A400B279A8 /* MJRefreshComponent.h */,
				168264DC1FA1E4A400B279A8 /* MJRefreshComponent.m */,
				168264DD1FA1E4A400B279A8 /* MJRefreshFooter.h */,
				168264DE1FA1E4A400B279A8 /* MJRefreshFooter.m */,
				168264DF1FA1E4A400B279A8 /* MJRefreshHeader.h */,
				168264E01FA1E4A400B279A8 /* MJRefreshHeader.m */,
			);
			path = Base;
			sourceTree = "<group>";
		};
		168264E11FA1E4A400B279A8 /* Custom */ = {
			isa = PBXGroup;
			children = (
				168264E21FA1E4A400B279A8 /* Footer */,
				168264F11FA1E4A400B279A8 /* Header */,
			);
			path = Custom;
			sourceTree = "<group>";
		};
		168264E21FA1E4A400B279A8 /* Footer */ = {
			isa = PBXGroup;
			children = (
				168264E31FA1E4A400B279A8 /* Auto */,
				168264EA1FA1E4A400B279A8 /* Back */,
			);
			path = Footer;
			sourceTree = "<group>";
		};
		168264E31FA1E4A400B279A8 /* Auto */ = {
			isa = PBXGroup;
			children = (
				168264E41FA1E4A400B279A8 /* MJRefreshAutoGifFooter.h */,
				168264E51FA1E4A400B279A8 /* MJRefreshAutoGifFooter.m */,
				168264E61FA1E4A400B279A8 /* MJRefreshAutoNormalFooter.h */,
				168264E71FA1E4A400B279A8 /* MJRefreshAutoNormalFooter.m */,
				168264E81FA1E4A400B279A8 /* MJRefreshAutoStateFooter.h */,
				168264E91FA1E4A400B279A8 /* MJRefreshAutoStateFooter.m */,
			);
			path = Auto;
			sourceTree = "<group>";
		};
		168264EA1FA1E4A400B279A8 /* Back */ = {
			isa = PBXGroup;
			children = (
				168264EB1FA1E4A400B279A8 /* MJRefreshBackGifFooter.h */,
				168264EC1FA1E4A400B279A8 /* MJRefreshBackGifFooter.m */,
				168264ED1FA1E4A400B279A8 /* MJRefreshBackNormalFooter.h */,
				168264EE1FA1E4A400B279A8 /* MJRefreshBackNormalFooter.m */,
				168264EF1FA1E4A400B279A8 /* MJRefreshBackStateFooter.h */,
				168264F01FA1E4A400B279A8 /* MJRefreshBackStateFooter.m */,
			);
			path = Back;
			sourceTree = "<group>";
		};
		168264F11FA1E4A400B279A8 /* Header */ = {
			isa = PBXGroup;
			children = (
				168264F21FA1E4A400B279A8 /* MJRefreshGifHeader.h */,
				168264F31FA1E4A400B279A8 /* MJRefreshGifHeader.m */,
				168264F41FA1E4A400B279A8 /* MJRefreshNormalHeader.h */,
				168264F51FA1E4A400B279A8 /* MJRefreshNormalHeader.m */,
				168264F61FA1E4A400B279A8 /* MJRefreshStateHeader.h */,
				168264F71FA1E4A400B279A8 /* MJRefreshStateHeader.m */,
			);
			path = Header;
			sourceTree = "<group>";
		};
		168E88901F9444E100063A65 /* Alert */ = {
			isa = PBXGroup;
			children = (
				161D161C1F96F00100E3646F /* LXAlertView.h */,
				161D161D1F96F00100E3646F /* LXAlertView.m */,
			);
			path = Alert;
			sourceTree = "<group>";
		};
		16A95A761F8B7BD40059D457 /* Category */ = {
			isa = PBXGroup;
			children = (
				16A95A771F8B7BD40059D457 /* Controller */,
				16A95A7A1F8B7BD40059D457 /* Model */,
				16A95A7B1F8B7BD40059D457 /* View */,
			);
			path = Category;
			sourceTree = "<group>";
		};
		16A95A771F8B7BD40059D457 /* Controller */ = {
			isa = PBXGroup;
			children = (
				16A95AE91F8C7B750059D457 /* LXCategory.storyboard */,
				16A95A781F8B7BD40059D457 /* LXCategoryController.h */,
				16A95A791F8B7BD40059D457 /* LXCategoryController.m */,
			);
			path = Controller;
			sourceTree = "<group>";
		};
		16A95A7A1F8B7BD40059D457 /* Model */ = {
			isa = PBXGroup;
			children = (
			);
			path = Model;
			sourceTree = "<group>";
		};
		16A95A7B1F8B7BD40059D457 /* View */ = {
			isa = PBXGroup;
			children = (
			);
			path = View;
			sourceTree = "<group>";
		};
		16A95A7D1F8C59F90059D457 /* Masonry */ = {
			isa = PBXGroup;
			children = (
				16A95A7E1F8C59F90059D457 /* Info.plist */,
				16A95A7F1F8C59F90059D457 /* MASCompositeConstraint.h */,
				16A95A801F8C59F90059D457 /* MASCompositeConstraint.m */,
				16A95A811F8C59F90059D457 /* MASConstraint+Private.h */,
				16A95A821F8C59F90059D457 /* MASConstraint.h */,
				16A95A831F8C59F90059D457 /* MASConstraint.m */,
				16A95A841F8C59F90059D457 /* MASConstraintMaker.h */,
				16A95A851F8C59F90059D457 /* MASConstraintMaker.m */,
				16A95A861F8C59F90059D457 /* MASLayoutConstraint.h */,
				16A95A871F8C59F90059D457 /* MASLayoutConstraint.m */,
				16A95A881F8C59F90059D457 /* Masonry.h */,
				16A95A891F8C59F90059D457 /* MASUtilities.h */,
				16A95A8A1F8C59F90059D457 /* MASViewAttribute.h */,
				16A95A8B1F8C59F90059D457 /* MASViewAttribute.m */,
				16A95A8C1F8C59F90059D457 /* MASViewConstraint.h */,
				16A95A8D1F8C59F90059D457 /* MASViewConstraint.m */,
				16A95A8E1F8C59F90059D457 /* NSArray+MASAdditions.h */,
				16A95A8F1F8C59F90059D457 /* NSArray+MASAdditions.m */,
				16A95A901F8C59F90059D457 /* NSArray+MASShorthandAdditions.h */,
				16A95A911F8C59F90059D457 /* NSLayoutConstraint+MASDebugAdditions.h */,
				16A95A921F8C59F90059D457 /* NSLayoutConstraint+MASDebugAdditions.m */,
				16A95A931F8C59F90059D457 /* View+MASAdditions.h */,
				16A95A941F8C59F90059D457 /* View+MASAdditions.m */,
				16A95A951F8C59F90059D457 /* View+MASShorthandAdditions.h */,
				16A95A961F8C59F90059D457 /* ViewController+MASAdditions.h */,
				16A95A971F8C59F90059D457 /* ViewController+MASAdditions.m */,
			);
			path = Masonry;
			sourceTree = "<group>";
		};
		16A95AFB1F8F54530059D457 /* Public */ = {
			isa = PBXGroup;
			children = (
				162AF98A1FA81383001FA72D /* NetworkError */,
				162CA8521F9DBF8B008595D3 /* Refresh */,
				168E88901F9444E100063A65 /* Alert */,
				16A95B0B1F9053110059D457 /* Empty */,
			);
			path = Public;
			sourceTree = "<group>";
		};
		16A95B0B1F9053110059D457 /* Empty */ = {
			isa = PBXGroup;
			children = (
				16A95B0F1F9063A00059D457 /* LXEmptyView.h */,
				16A95B101F9063A00059D457 /* LXEmptyView.m */,
			);
			path = Empty;
			sourceTree = "<group>";
		};
		16D68EDC1FBEEDED00F6FB5E /* SemiModal */ = {
			isa = PBXGroup;
			children = (
				16D68EDD1FBEEDED00F6FB5E /* UIViewController+KNSemiModal.h */,
				16D68EDE1FBEEDED00F6FB5E /* UIViewController+KNSemiModal.m */,
			);
			path = SemiModal;
			sourceTree = "<group>";
		};
		16D8EC081F7B4B4C00F39A57 /* Macros */ = {
			isa = PBXGroup;
			children = (
				16D8EC091F7B4B5B00F39A57 /* Macros.h */,
				166A36F71F7B7D6700780CE8 /* UtilsMacros.h */,
				166A37B41F7C95B700780CE8 /* APIStringMacros.h */,
			);
			path = Macros;
			sourceTree = "<group>";
		};
/* End PBXGroup section */

/* Begin PBXNativeTarget section */
		161562421EEE66E600982E58 /* Yml */ = {
			isa = PBXNativeTarget;
			buildConfigurationList = 161562701EEE66E700982E58 /* Build configuration list for PBXNativeTarget "Yml" */;
			buildPhases = (
				1615623F1EEE66E600982E58 /* Sources */,
				161562401EEE66E600982E58 /* Frameworks */,
				161562411EEE66E600982E58 /* Resources */,
			);
			buildRules = (
			);
			dependencies = (
			);
			name = Yml;
			productName = Yml;
			productReference = 161562431EEE66E600982E58 /* Yml.app */;
			productType = "com.apple.product-type.application";
		};
		1615625B1EEE66E700982E58 /* YmlTests */ = {
			isa = PBXNativeTarget;
			buildConfigurationList = 161562731EEE66E700982E58 /* Build configuration list for PBXNativeTarget "YmlTests" */;
			buildPhases = (
				161562581EEE66E700982E58 /* Sources */,
				161562591EEE66E700982E58 /* Frameworks */,
				1615625A1EEE66E700982E58 /* Resources */,
			);
			buildRules = (
			);
			dependencies = (
				1615625E1EEE66E700982E58 /* PBXTargetDependency */,
			);
			name = YmlTests;
			productName = YmlTests;
			productReference = 1615625C1EEE66E700982E58 /* YmlTests.xctest */;
			productType = "com.apple.product-type.bundle.unit-test";
		};
		161562661EEE66E700982E58 /* YmlUITests */ = {
			isa = PBXNativeTarget;
			buildConfigurationList = 161562761EEE66E700982E58 /* Build configuration list for PBXNativeTarget "YmlUITests" */;
			buildPhases = (
				161562631EEE66E700982E58 /* Sources */,
				161562641EEE66E700982E58 /* Frameworks */,
				161562651EEE66E700982E58 /* Resources */,
			);
			buildRules = (
			);
			dependencies = (
				161562691EEE66E700982E58 /* PBXTargetDependency */,
			);
			name = YmlUITests;
			productName = YmlUITests;
			productReference = 161562671EEE66E700982E58 /* YmlUITests.xctest */;
			productType = "com.apple.product-type.bundle.ui-testing";
		};
/* End PBXNativeTarget section */

/* Begin PBXProject section */
		1615623B1EEE66E600982E58 /* Project object */ = {
			isa = PBXProject;
			attributes = {
				CLASSPREFIX = LX;
				LastUpgradeCheck = 0830;
				ORGANIZATIONNAME = xi;
				TargetAttributes = {
					161562421EEE66E600982E58 = {
						CreatedOnToolsVersion = 8.3.2;
						DevelopmentTeam = 4H4P58QMC8;
						ProvisioningStyle = Automatic;
					};
					1615625B1EEE66E700982E58 = {
						CreatedOnToolsVersion = 8.3.2;
						ProvisioningStyle = Automatic;
						TestTargetID = 161562421EEE66E600982E58;
					};
					161562661EEE66E700982E58 = {
						CreatedOnToolsVersion = 8.3.2;
						ProvisioningStyle = Automatic;
						TestTargetID = 161562421EEE66E600982E58;
					};
				};
			};
			buildConfigurationList = 1615623E1EEE66E600982E58 /* Build configuration list for PBXProject "Yml" */;
			compatibilityVersion = "Xcode 3.2";
			developmentRegion = English;
			hasScannedForEncodings = 0;
			knownRegions = (
				en,
				Base,
			);
			mainGroup = 1615623A1EEE66E600982E58;
			productRefGroup = 161562441EEE66E600982E58 /* Products */;
			projectDirPath = "";
			projectRoot = "";
			targets = (
				161562421EEE66E600982E58 /* Yml */,
				1615625B1EEE66E700982E58 /* YmlTests */,
				161562661EEE66E700982E58 /* YmlUITests */,
			);
		};
/* End PBXProject section */

/* Begin PBXResourcesBuildPhase section */
		161562411EEE66E600982E58 /* Resources */ = {
			isa = PBXResourcesBuildPhase;
			buildActionMask = 2147483647;
			files = (
				161562871EEE68F200982E58 /* Assets.xcassets in Resources */,
				161562881EEE68F200982E58 /* LaunchScreen.storyboard in Resources */,
				16A95A981F8C59F90059D457 /* Info.plist in Resources */,
				168265121FA1E4A400B279A8 /* MJRefresh.bundle in Resources */,
				16A95AEA1F8C7B750059D457 /* LXCategory.storyboard in Resources */,
			);
			runOnlyForDeploymentPostprocessing = 0;
		};
		1615625A1EEE66E700982E58 /* Resources */ = {
			isa = PBXResourcesBuildPhase;
			buildActionMask = 2147483647;
			files = (
			);
			runOnlyForDeploymentPostprocessing = 0;
		};
		161562651EEE66E700982E58 /* Resources */ = {
			isa = PBXResourcesBuildPhase;
			buildActionMask = 2147483647;
			files = (
			);
			runOnlyForDeploymentPostprocessing = 0;
		};
/* End PBXResourcesBuildPhase section */

/* Begin PBXSourcesBuildPhase section */
		1615623F1EEE66E600982E58 /* Sources */ = {
			isa = PBXSourcesBuildPhase;
			buildActionMask = 2147483647;
			files = (
				162AFCB21FBEC3D300304E01 /* LXProductDetailController.m in Sources */,
				161562861EEE68F200982E58 /* AppDelegate.m in Sources */,
				16A95A721F8B54B40059D457 /* BaseViewController.m in Sources */,
				166A379D1F7C94F900780CE8 /* NSObject+MJKeyValue.m in Sources */,
				1682650F1FA1E4A400B279A8 /* MJRefreshGifHeader.m in Sources */,
				166A37B71F7C976600780CE8 /* NSObject+Log.m in Sources */,
				16A95A9F1F8C59F90059D457 /* NSArray+MASAdditions.m in Sources */,
				1682650A1FA1E4A400B279A8 /* MJRefreshAutoNormalFooter.m in Sources */,
				16A95B0E1F9062DD0059D457 /* BaseListViewController.m in Sources */,
				1682650D1FA1E4A400B279A8 /* MJRefreshBackNormalFooter.m in Sources */,
				161D16221F98997100E3646F /* MBProgressHUD.m in Sources */,
				16D68EDF1FBEEDED00F6FB5E /* UIViewController+KNSemiModal.m in Sources */,
				168265061FA1E4A400B279A8 /* MJRefreshComponent.m in Sources */,
				162AF9911FA81383001FA72D /* LXNetworkErrorHeadView.m in Sources */,
				166A37BA1F7CD27B00780CE8 /* PublicTools.m in Sources */,
				166A377E1F7C8E4100780CE8 /* NetworkTool.m in Sources */,
				166A37B01F7C950900780CE8 /* AFSecurityPolicy.m in Sources */,
				168265091FA1E4A400B279A8 /* MJRefreshAutoGifFooter.m in Sources */,
				168265071FA1E4A400B279A8 /* MJRefreshFooter.m in Sources */,
				168265081FA1E4A400B279A8 /* MJRefreshHeader.m in Sources */,
				16A95AA11F8C59F90059D457 /* View+MASAdditions.m in Sources */,
				168265051FA1E4A400B279A8 /* MJRefreshBackFooter.m in Sources */,
				16A95B111F9063A00059D457 /* LXEmptyView.m in Sources */,
				16A95A991F8C59F90059D457 /* MASCompositeConstraint.m in Sources */,
				166A37AE1F7C950900780CE8 /* AFHTTPSessionManager.m in Sources */,
				166A37961F7C94F900780CE8 /* MJExtensionConst.m in Sources */,
				162AFCB81FBEE24B00304E01 /* UIButton+Extension.m in Sources */,
				168265131FA1E4A400B279A8 /* MJRefreshConst.m in Sources */,
				161562AD1EEE6DBF00982E58 /* BaseNavigationController.m in Sources */,
				166A38211F7F7DBC00780CE8 /* NSString+Extension.m in Sources */,
				16A95A7C1F8B7BD40059D457 /* LXCategoryController.m in Sources */,
				168265141FA1E4A400B279A8 /* NSBundle+MJRefresh.m in Sources */,
				166A379E1F7C94F900780CE8 /* NSObject+MJProperty.m in Sources */,
				168265151FA1E4A400B279A8 /* UIScrollView+MJExtension.m in Sources */,
				161D16261F98AF8700E3646F /* HUDTool.m in Sources */,
				166A379B1F7C94F900780CE8 /* NSObject+MJClass.m in Sources */,
				16A95A9D1F8C59F90059D457 /* MASViewAttribute.m in Sources */,
				161D161E1F96F00100E3646F /* LXAlertView.m in Sources */,
				1682651A1FA1E54600B279A8 /* LXRefreshHeader.m in Sources */,
				166A36F61F7B7A8700780CE8 /* UIView+Extension.m in Sources */,
				16A95A9A1F8C59F90059D457 /* MASConstraint.m in Sources */,
				166A37991F7C94F900780CE8 /* MJPropertyKey.m in Sources */,
				168265161FA1E4A400B279A8 /* UIScrollView+MJRefresh.m in Sources */,
				166A37971F7C94F900780CE8 /* MJFoundation.m in Sources */,
				166A379A1F7C94F900780CE8 /* MJPropertyType.m in Sources */,
				168265041FA1E4A400B279A8 /* MJRefreshAutoFooter.m in Sources */,
				16A95A9B1F8C59F90059D457 /* MASConstraintMaker.m in Sources */,
				161562A11EEE6B4500982E58 /* LXMyController.m in Sources */,
				1682650C1FA1E4A400B279A8 /* MJRefreshBackGifFooter.m in Sources */,
				166A37981F7C94F900780CE8 /* MJProperty.m in Sources */,
				168265171FA1E4A400B279A8 /* UIView+MJExtension.m in Sources */,
				16A95AA21F8C59F90059D457 /* ViewController+MASAdditions.m in Sources */,
				166A37B11F7C950900780CE8 /* AFURLRequestSerialization.m in Sources */,
				166A37B31F7C950900780CE8 /* AFURLSessionManager.m in Sources */,
				16A95AA01F8C59F90059D457 /* NSLayoutConstraint+MASDebugAdditions.m in Sources */,
				166A37B21F7C950900780CE8 /* AFURLResponseSerialization.m in Sources */,
				16A95A9E1F8C59F90059D457 /* MASViewConstraint.m in Sources */,
				166A37AF1F7C950900780CE8 /* AFNetworkReachabilityManager.m in Sources */,
				161562A41EEE6B5E00982E58 /* LXHomeController.m in Sources */,
				16A95A9C1F8C59F90059D457 /* MASLayoutConstraint.m in Sources */,
				16A95AF01F8CAEE80059D457 /* UILabel+Extension.m in Sources */,
				166A379C1F7C94F900780CE8 /* NSObject+MJCoding.m in Sources */,
				162AF9931FA81383001FA72D /* LXNetworkSolutionController.m in Sources */,
				16A95A751F8B7B960059D457 /* LXCommunityController.m in Sources */,
				1682650B1FA1E4A400B279A8 /* MJRefreshAutoStateFooter.m in Sources */,
				162AFCB51FBEDBF800304E01 /* LXProductDetailView.m in Sources */,
				1682650E1FA1E4A400B279A8 /* MJRefreshBackStateFooter.m in Sources */,
				162AF9921FA81383001FA72D /* LXNetworkErrorView.m in Sources */,
				168265111FA1E4A400B279A8 /* MJRefreshStateHeader.m in Sources */,
				168265101FA1E4A400B279A8 /* MJRefreshNormalHeader.m in Sources */,
				166A379F1F7C94F900780CE8 /* NSString+MJExtension.m in Sources */,
				161562481EEE66E600982E58 /* main.m in Sources */,
				1615628E1EEE6A0500982E58 /* BaseTabBarController.m in Sources */,
			);
			runOnlyForDeploymentPostprocessing = 0;
		};
		161562581EEE66E700982E58 /* Sources */ = {
			isa = PBXSourcesBuildPhase;
			buildActionMask = 2147483647;
			files = (
				161562611EEE66E700982E58 /* YmlTests.m in Sources */,
			);
			runOnlyForDeploymentPostprocessing = 0;
		};
		161562631EEE66E700982E58 /* Sources */ = {
			isa = PBXSourcesBuildPhase;
			buildActionMask = 2147483647;
			files = (
				1615626C1EEE66E700982E58 /* YmlUITests.m in Sources */,
			);
			runOnlyForDeploymentPostprocessing = 0;
		};
/* End PBXSourcesBuildPhase section */

/* Begin PBXTargetDependency section */
		1615625E1EEE66E700982E58 /* PBXTargetDependency */ = {
			isa = PBXTargetDependency;
			target = 161562421EEE66E600982E58 /* Yml */;
			targetProxy = 1615625D1EEE66E700982E58 /* PBXContainerItemProxy */;
		};
		161562691EEE66E700982E58 /* PBXTargetDependency */ = {
			isa = PBXTargetDependency;
			target = 161562421EEE66E600982E58 /* Yml */;
			targetProxy = 161562681EEE66E700982E58 /* PBXContainerItemProxy */;
		};
/* End PBXTargetDependency section */

/* Begin PBXVariantGroup section */
		161562841EEE68F200982E58 /* LaunchScreen.storyboard */ = {
			isa = PBXVariantGroup;
			children = (
				161562851EEE68F200982E58 /* Base */,
			);
			name = LaunchScreen.storyboard;
			sourceTree = "<group>";
		};
/* End PBXVariantGroup section */

/* Begin XCBuildConfiguration section */
		1615626E1EEE66E700982E58 /* Debug */ = {
			isa = XCBuildConfiguration;
			buildSettings = {
				ALWAYS_SEARCH_USER_PATHS = NO;
				CLANG_ANALYZER_NONNULL = YES;
				CLANG_ANALYZER_NUMBER_OBJECT_CONVERSION = YES_AGGRESSIVE;
				CLANG_CXX_LANGUAGE_STANDARD = "gnu++0x";
				CLANG_CXX_LIBRARY = "libc++";
				CLANG_ENABLE_MODULES = YES;
				CLANG_ENABLE_OBJC_ARC = YES;
				CLANG_WARN_BOOL_CONVERSION = YES;
				CLANG_WARN_CONSTANT_CONVERSION = YES;
				CLANG_WARN_DIRECT_OBJC_ISA_USAGE = YES_ERROR;
				CLANG_WARN_DOCUMENTATION_COMMENTS = YES;
				CLANG_WARN_EMPTY_BODY = YES;
				CLANG_WARN_ENUM_CONVERSION = YES;
				CLANG_WARN_INFINITE_RECURSION = YES;
				CLANG_WARN_INT_CONVERSION = YES;
				CLANG_WARN_OBJC_ROOT_CLASS = YES_ERROR;
				CLANG_WARN_SUSPICIOUS_MOVE = YES;
				CLANG_WARN_UNREACHABLE_CODE = YES;
				CLANG_WARN__DUPLICATE_METHOD_MATCH = YES;
				"CODE_SIGN_IDENTITY[sdk=iphoneos*]" = "iPhone Developer";
				COPY_PHASE_STRIP = NO;
				DEBUG_INFORMATION_FORMAT = dwarf;
				ENABLE_STRICT_OBJC_MSGSEND = YES;
				ENABLE_TESTABILITY = YES;
				GCC_C_LANGUAGE_STANDARD = gnu99;
				GCC_DYNAMIC_NO_PIC = NO;
				GCC_NO_COMMON_BLOCKS = YES;
				GCC_OPTIMIZATION_LEVEL = 0;
				GCC_PREPROCESSOR_DEFINITIONS = (
					"DEBUG=1",
					"$(inherited)",
				);
				GCC_WARN_64_TO_32_BIT_CONVERSION = YES;
				GCC_WARN_ABOUT_RETURN_TYPE = YES_ERROR;
				GCC_WARN_UNDECLARED_SELECTOR = YES;
				GCC_WARN_UNINITIALIZED_AUTOS = YES_AGGRESSIVE;
				GCC_WARN_UNUSED_FUNCTION = YES;
				GCC_WARN_UNUSED_VARIABLE = YES;
				IPHONEOS_DEPLOYMENT_TARGET = 10.3;
				MTL_ENABLE_DEBUG_INFO = YES;
				ONLY_ACTIVE_ARCH = YES;
				SDKROOT = iphoneos;
			};
			name = Debug;
		};
		1615626F1EEE66E700982E58 /* Release */ = {
			isa = XCBuildConfiguration;
			buildSettings = {
				ALWAYS_SEARCH_USER_PATHS = NO;
				CLANG_ANALYZER_NONNULL = YES;
				CLANG_ANALYZER_NUMBER_OBJECT_CONVERSION = YES_AGGRESSIVE;
				CLANG_CXX_LANGUAGE_STANDARD = "gnu++0x";
				CLANG_CXX_LIBRARY = "libc++";
				CLANG_ENABLE_MODULES = YES;
				CLANG_ENABLE_OBJC_ARC = YES;
				CLANG_WARN_BOOL_CONVERSION = YES;
				CLANG_WARN_CONSTANT_CONVERSION = YES;
				CLANG_WARN_DIRECT_OBJC_ISA_USAGE = YES_ERROR;
				CLANG_WARN_DOCUMENTATION_COMMENTS = YES;
				CLANG_WARN_EMPTY_BODY = YES;
				CLANG_WARN_ENUM_CONVERSION = YES;
				CLANG_WARN_INFINITE_RECURSION = YES;
				CLANG_WARN_INT_CONVERSION = YES;
				CLANG_WARN_OBJC_ROOT_CLASS = YES_ERROR;
				CLANG_WARN_SUSPICIOUS_MOVE = YES;
				CLANG_WARN_UNREACHABLE_CODE = YES;
				CLANG_WARN__DUPLICATE_METHOD_MATCH = YES;
				"CODE_SIGN_IDENTITY[sdk=iphoneos*]" = "iPhone Developer";
				COPY_PHASE_STRIP = NO;
				DEBUG_INFORMATION_FORMAT = "dwarf-with-dsym";
				ENABLE_NS_ASSERTIONS = NO;
				ENABLE_STRICT_OBJC_MSGSEND = YES;
				GCC_C_LANGUAGE_STANDARD = gnu99;
				GCC_NO_COMMON_BLOCKS = YES;
				GCC_WARN_64_TO_32_BIT_CONVERSION = YES;
				GCC_WARN_ABOUT_RETURN_TYPE = YES_ERROR;
				GCC_WARN_UNDECLARED_SELECTOR = YES;
				GCC_WARN_UNINITIALIZED_AUTOS = YES_AGGRESSIVE;
				GCC_WARN_UNUSED_FUNCTION = YES;
				GCC_WARN_UNUSED_VARIABLE = YES;
				IPHONEOS_DEPLOYMENT_TARGET = 10.3;
				MTL_ENABLE_DEBUG_INFO = NO;
				SDKROOT = iphoneos;
				VALIDATE_PRODUCT = YES;
			};
			name = Release;
		};
		161562711EEE66E700982E58 /* Debug */ = {
			isa = XCBuildConfiguration;
			buildSettings = {
				ASSETCATALOG_COMPILER_APPICON_NAME = AppIcon;
				"CODE_SIGN_IDENTITY[sdk=iphoneos*]" = "iPhone Developer";
				DEVELOPMENT_TEAM = 4H4P58QMC8;
				FRAMEWORK_SEARCH_PATHS = (
					"$(inherited)",
					"$(PROJECT_DIR)/Yml/Classes/Library/Social",
					"$(PROJECT_DIR)/Yml/Classes/Library/Social/QQSDK",
				);
				GCC_PREFIX_HEADER = "$(SRCROOT)/$(PROJECT_NAME)/Classes/Other/PrefixHeader.pch/";
				INFOPLIST_FILE = Yml/Info.plist;
				IPHONEOS_DEPLOYMENT_TARGET = 8.0;
				LD_RUNPATH_SEARCH_PATHS = "$(inherited) @executable_path/Frameworks";
				LIBRARY_SEARCH_PATHS = (
					"$(inherited)",
					"$(PROJECT_DIR)/Yml/Classes/Library/Social/libWeiboSDK",
					"$(PROJECT_DIR)/Yml/Classes/Library/Social/WeChatSDK_1.5",
				);
				OTHER_LDFLAGS = "";
				PRODUCT_BUNDLE_IDENTIFIER = com.yml360.Yml;
				PRODUCT_NAME = "$(TARGET_NAME)";
				PROVISIONING_PROFILE_SPECIFIER = "";
			};
			name = Debug;
		};
		161562721EEE66E700982E58 /* Release */ = {
			isa = XCBuildConfiguration;
			buildSettings = {
				ASSETCATALOG_COMPILER_APPICON_NAME = AppIcon;
				"CODE_SIGN_IDENTITY[sdk=iphoneos*]" = "iPhone Developer";
				DEVELOPMENT_TEAM = 4H4P58QMC8;
				FRAMEWORK_SEARCH_PATHS = (
					"$(inherited)",
					"$(PROJECT_DIR)/Yml/Classes/Library/Social",
					"$(PROJECT_DIR)/Yml/Classes/Library/Social/QQSDK",
				);
				GCC_PREFIX_HEADER = "$(SRCROOT)/$(PROJECT_NAME)/Classes/Other/PrefixHeader.pch/";
				INFOPLIST_FILE = Yml/Info.plist;
				IPHONEOS_DEPLOYMENT_TARGET = 8.0;
				LD_RUNPATH_SEARCH_PATHS = "$(inherited) @executable_path/Frameworks";
				LIBRARY_SEARCH_PATHS = (
					"$(inherited)",
					"$(PROJECT_DIR)/Yml/Classes/Library/Social/libWeiboSDK",
					"$(PROJECT_DIR)/Yml/Classes/Library/Social/WeChatSDK_1.5",
				);
				OTHER_LDFLAGS = "";
				PRODUCT_BUNDLE_IDENTIFIER = com.yml360.Yml;
				PRODUCT_NAME = "$(TARGET_NAME)";
				PROVISIONING_PROFILE_SPECIFIER = "";
			};
			name = Release;
		};
		161562741EEE66E700982E58 /* Debug */ = {
			isa = XCBuildConfiguration;
			buildSettings = {
				BUNDLE_LOADER = "$(TEST_HOST)";
				INFOPLIST_FILE = YmlTests/Info.plist;
				LD_RUNPATH_SEARCH_PATHS = "$(inherited) @executable_path/Frameworks @loader_path/Frameworks";
				PRODUCT_BUNDLE_IDENTIFIER = com.yml360.YmlTests;
				PRODUCT_NAME = "$(TARGET_NAME)";
				TEST_HOST = "$(BUILT_PRODUCTS_DIR)/Yml.app/Yml";
			};
			name = Debug;
		};
		161562751EEE66E700982E58 /* Release */ = {
			isa = XCBuildConfiguration;
			buildSettings = {
				BUNDLE_LOADER = "$(TEST_HOST)";
				INFOPLIST_FILE = YmlTests/Info.plist;
				LD_RUNPATH_SEARCH_PATHS = "$(inherited) @executable_path/Frameworks @loader_path/Frameworks";
				PRODUCT_BUNDLE_IDENTIFIER = com.yml360.YmlTests;
				PRODUCT_NAME = "$(TARGET_NAME)";
				TEST_HOST = "$(BUILT_PRODUCTS_DIR)/Yml.app/Yml";
			};
			name = Release;
		};
		161562771EEE66E700982E58 /* Debug */ = {
			isa = XCBuildConfiguration;
			buildSettings = {
				INFOPLIST_FILE = YmlUITests/Info.plist;
				LD_RUNPATH_SEARCH_PATHS = "$(inherited) @executable_path/Frameworks @loader_path/Frameworks";
				PRODUCT_BUNDLE_IDENTIFIER = com.yml360.YmlUITests;
				PRODUCT_NAME = "$(TARGET_NAME)";
				TEST_TARGET_NAME = Yml;
			};
			name = Debug;
		};
		161562781EEE66E700982E58 /* Release */ = {
			isa = XCBuildConfiguration;
			buildSettings = {
				INFOPLIST_FILE = YmlUITests/Info.plist;
				LD_RUNPATH_SEARCH_PATHS = "$(inherited) @executable_path/Frameworks @loader_path/Frameworks";
				PRODUCT_BUNDLE_IDENTIFIER = com.yml360.YmlUITests;
				PRODUCT_NAME = "$(TARGET_NAME)";
				TEST_TARGET_NAME = Yml;
			};
			name = Release;
		};
/* End XCBuildConfiguration section */

/* Begin XCConfigurationList section */
		1615623E1EEE66E600982E58 /* Build configuration list for PBXProject "Yml" */ = {
			isa = XCConfigurationList;
			buildConfigurations = (
				1615626E1EEE66E700982E58 /* Debug */,
				1615626F1EEE66E700982E58 /* Release */,
			);
			defaultConfigurationIsVisible = 0;
			defaultConfigurationName = Release;
		};
		161562701EEE66E700982E58 /* Build configuration list for PBXNativeTarget "Yml" */ = {
			isa = XCConfigurationList;
			buildConfigurations = (
				161562711EEE66E700982E58 /* Debug */,
				161562721EEE66E700982E58 /* Release */,
			);
			defaultConfigurationIsVisible = 0;
			defaultConfigurationName = Release;
		};
		161562731EEE66E700982E58 /* Build configuration list for PBXNativeTarget "YmlTests" */ = {
			isa = XCConfigurationList;
			buildConfigurations = (
				161562741EEE66E700982E58 /* Debug */,
				161562751EEE66E700982E58 /* Release */,
			);
			defaultConfigurationIsVisible = 0;
			defaultConfigurationName = Release;
		};
		161562761EEE66E700982E58 /* Build configuration list for PBXNativeTarget "YmlUITests" */ = {
			isa = XCConfigurationList;
			buildConfigurations = (
				161562771EEE66E700982E58 /* Debug */,
				161562781EEE66E700982E58 /* Release */,
			);
			defaultConfigurationIsVisible = 0;
			defaultConfigurationName = Release;
		};
/* End XCConfigurationList section */
	};
	rootObject = 1615623B1EEE66E600982E58 /* Project object */;
}
